// !$*UTF8*$!
{
	archiveVersion = 1;
	classes = {
	};
	objectVersion = 51;
	objects = {

/* Begin PBXBuildFile section */
		57AC2D29B759D752F1FE9F7E /* Pods_swift_study_PersonModule.framework in Frameworks */ = {isa = PBXBuildFile; fileRef = F79BFE65063D1CFD9D60664B /* Pods_swift_study_PersonModule.framework */; };
		7D01022625B7C52C00A2D359 /* JCSDemoVC.swift in Sources */ = {isa = PBXBuildFile; fileRef = 7D01022525B7C52C00A2D359 /* JCSDemoVC.swift */; };
		7D01022825B7C6A600A2D359 /* jcs_runtime_classes.plist in Resources */ = {isa = PBXBuildFile; fileRef = 7D01022725B7C6A600A2D359 /* jcs_runtime_classes.plist */; };
		7D01FFD324B807E500C3A6FC /* ExampleRxSwiftVC.storyboard in Resources */ = {isa = PBXBuildFile; fileRef = 7D01FFD224B807E500C3A6FC /* ExampleRxSwiftVC.storyboard */; };
		7D1624032480A90F00987234 /* LSActivityExplodeView.swift in Sources */ = {isa = PBXBuildFile; fileRef = 7D1624022480A90F00987234 /* LSActivityExplodeView.swift */; };
		7D3F13CD2473C42E000E6845 /* AppDelegate.swift in Sources */ = {isa = PBXBuildFile; fileRef = 7D3F13CC2473C42E000E6845 /* AppDelegate.swift */; };
		7D3F13D42473C42E000E6845 /* Main.storyboard in Resources */ = {isa = PBXBuildFile; fileRef = 7D3F13D22473C42E000E6845 /* Main.storyboard */; };
		7D3F13D62473C42F000E6845 /* Assets.xcassets in Resources */ = {isa = PBXBuildFile; fileRef = 7D3F13D52473C42F000E6845 /* Assets.xcassets */; };
		7D3F13D92473C42F000E6845 /* LaunchScreen.storyboard in Resources */ = {isa = PBXBuildFile; fileRef = 7D3F13D72473C42F000E6845 /* LaunchScreen.storyboard */; };
		7D3F148D2474C2DC000E6845 /* DemoMoya.swift in Sources */ = {isa = PBXBuildFile; fileRef = 7D3F148C2474C2DC000E6845 /* DemoMoya.swift */; };
		7D4E4727258B4C4100C776DD /* AppFoundation.framework in Frameworks */ = {isa = PBXBuildFile; fileRef = 7D4E46E1258B3BC400C776DD /* AppFoundation.framework */; };
		7D4E4728258B4C4100C776DD /* AppFoundation.framework in Embed Frameworks */ = {isa = PBXBuildFile; fileRef = 7D4E46E1258B3BC400C776DD /* AppFoundation.framework */; settings = {ATTRIBUTES = (CodeSignOnCopy, RemoveHeadersOnCopy, ); }; };
		7D5221F12477DD9B00B06978 /* IGDemoVC.swift in Sources */ = {isa = PBXBuildFile; fileRef = 7D5221F02477DD9B00B06978 /* IGDemoVC.swift */; };
		7D5221F32477DEB000B06978 /* IGDemoSectionOne.swift in Sources */ = {isa = PBXBuildFile; fileRef = 7D5221F22477DEB000B06978 /* IGDemoSectionOne.swift */; };
		7D5221F52477DF1500B06978 /* IGDemoCell1.swift in Sources */ = {isa = PBXBuildFile; fileRef = 7D5221F42477DF1500B06978 /* IGDemoCell1.swift */; };
		7D522349247BA81900B06978 /* DemoItem.swift in Sources */ = {isa = PBXBuildFile; fileRef = 7D522348247BA81900B06978 /* DemoItem.swift */; };
		7DA1A10524D2BC2500106D4B /* RichTextViewController.swift in Sources */ = {isa = PBXBuildFile; fileRef = 7DA1A10424D2BC2500106D4B /* RichTextViewController.swift */; };
		7DA1A10724D2BC3B00106D4B /* RichTextViewController.storyboard in Resources */ = {isa = PBXBuildFile; fileRef = 7DA1A10624D2BC3B00106D4B /* RichTextViewController.storyboard */; };
		7DA1A1B024D2C3F300106D4B /* PopverViewController.swift in Sources */ = {isa = PBXBuildFile; fileRef = 7DA1A1AF24D2C3F300106D4B /* PopverViewController.swift */; };
		7DA1A1B224D2C40D00106D4B /* PopverViewController.storyboard in Resources */ = {isa = PBXBuildFile; fileRef = 7DA1A1B124D2C40D00106D4B /* PopverViewController.storyboard */; };
		7DA1A25724D3E2B000106D4B /* PopverContentView.swift in Sources */ = {isa = PBXBuildFile; fileRef = 7DA1A25624D3E2B000106D4B /* PopverContentView.swift */; };
		7DA1A25924D3E2BA00106D4B /* PopverContentView.xib in Resources */ = {isa = PBXBuildFile; fileRef = 7DA1A25824D3E2BA00106D4B /* PopverContentView.xib */; };
		7DAE3CDB24E26EB900C64245 /* ModalDemoViewController.swift in Sources */ = {isa = PBXBuildFile; fileRef = 7DAE3CDA24E26EB900C64245 /* ModalDemoViewController.swift */; };
		7DAE3D8024E39F2600C64245 /* Media.xcassets in Resources */ = {isa = PBXBuildFile; fileRef = 7DAE3D7F24E39F2600C64245 /* Media.xcassets */; };
		7DB387582591CF9C00E7058A /* GlobalImport.swift in Sources */ = {isa = PBXBuildFile; fileRef = 7DB387572591CF9C00E7058A /* GlobalImport.swift */; };
		7DB387862591D46900E7058A /* TinyConsoleDemoVC.swift in Sources */ = {isa = PBXBuildFile; fileRef = 7DB387852591D46900E7058A /* TinyConsoleDemoVC.swift */; };
		7DB387F7259201B600E7058A /* ExampleRouter.swift in Sources */ = {isa = PBXBuildFile; fileRef = 7DB387F6259201B600E7058A /* ExampleRouter.swift */; };
		7DC0B3882579E5AD00BE5165 /* HJGiftPopTrackBehavior.swift in Sources */ = {isa = PBXBuildFile; fileRef = 7DC0B3872579E5AD00BE5165 /* HJGiftPopTrackBehavior.swift */; };
		7DC0B38B2579EB6A00BE5165 /* HJGiftPopTrackBehaviorTwo.swift in Sources */ = {isa = PBXBuildFile; fileRef = 7DC0B38A2579EB6A00BE5165 /* HJGiftPopTrackBehaviorTwo.swift */; };
		7DC57B322579DBA6000F0CDA /* HJGiftPopTrackBehaviorOne.swift in Sources */ = {isa = PBXBuildFile; fileRef = 7DC57B312579DBA6000F0CDA /* HJGiftPopTrackBehaviorOne.swift */; };
		7DC57B362579DC09000F0CDA /* HJGiftPopViewModel.swift in Sources */ = {isa = PBXBuildFile; fileRef = 7DC57B352579DC09000F0CDA /* HJGiftPopViewModel.swift */; };
		7DCBB8AE25933C8C007D8AD9 /* ExampleViewModel.swift in Sources */ = {isa = PBXBuildFile; fileRef = 7DCBB8AD25933C8C007D8AD9 /* ExampleViewModel.swift */; };
		7DCBB94E25943AA7007D8AD9 /* IMDemoVC.swift in Sources */ = {isa = PBXBuildFile; fileRef = 7DCBB94D25943AA7007D8AD9 /* IMDemoVC.swift */; };
		7DCBB9DB259440BA007D8AD9 /* OrderModule.h in Headers */ = {isa = PBXBuildFile; fileRef = 7DCBB9D9259440BA007D8AD9 /* OrderModule.h */; settings = {ATTRIBUTES = (Public, ); }; };
		7DCBB9DE259440BA007D8AD9 /* OrderModule.framework in Frameworks */ = {isa = PBXBuildFile; fileRef = 7DCBB9D7259440BA007D8AD9 /* OrderModule.framework */; };
		7DCBB9DF259440BA007D8AD9 /* OrderModule.framework in Embed Frameworks */ = {isa = PBXBuildFile; fileRef = 7DCBB9D7259440BA007D8AD9 /* OrderModule.framework */; settings = {ATTRIBUTES = (CodeSignOnCopy, RemoveHeadersOnCopy, ); }; };
		7DCBB9E8259440E4007D8AD9 /* AppFoundation.framework in Frameworks */ = {isa = PBXBuildFile; fileRef = 7DCBB9E7259440E4007D8AD9 /* AppFoundation.framework */; };
		7DCBB9E9259440E4007D8AD9 /* AppFoundation.framework in Embed Frameworks */ = {isa = PBXBuildFile; fileRef = 7DCBB9E7259440E4007D8AD9 /* AppFoundation.framework */; settings = {ATTRIBUTES = (CodeSignOnCopy, RemoveHeadersOnCopy, ); }; };
		7DCBBA1B25944145007D8AD9 /* Pods_swift_study_OrderModule.framework in Frameworks */ = {isa = PBXBuildFile; fileRef = 53B9D9950BDCCBA127803CA9 /* Pods_swift_study_OrderModule.framework */; };
		7DCBBA1C25944145007D8AD9 /* Pods_swift_study_OrderModule.framework in Embed Frameworks */ = {isa = PBXBuildFile; fileRef = 53B9D9950BDCCBA127803CA9 /* Pods_swift_study_OrderModule.framework */; settings = {ATTRIBUTES = (CodeSignOnCopy, RemoveHeadersOnCopy, ); }; };
		7DCBBA4D25944183007D8AD9 /* OrderVC.swift in Sources */ = {isa = PBXBuildFile; fileRef = 7DCBB96125943C49007D8AD9 /* OrderVC.swift */; };
		7DCBBA4E25944183007D8AD9 /* OrderRouter.swift in Sources */ = {isa = PBXBuildFile; fileRef = 7DCBB96425943C58007D8AD9 /* OrderRouter.swift */; };
		7DCBBA5F25947C63007D8AD9 /* OrderVO.swift in Sources */ = {isa = PBXBuildFile; fileRef = 7DCBBA5E25947C63007D8AD9 /* OrderVO.swift */; };
		7DCBBA6125947C82007D8AD9 /* GlobalImport.swift in Sources */ = {isa = PBXBuildFile; fileRef = 7DCBBA6025947C82007D8AD9 /* GlobalImport.swift */; };
		7DCBBA6525947D30007D8AD9 /* OrderAttachmentDecoder.swift in Sources */ = {isa = PBXBuildFile; fileRef = 7DCBBA6425947D30007D8AD9 /* OrderAttachmentDecoder.swift */; };
		7DCBBA6F25947E27007D8AD9 /* PersonModule.h in Headers */ = {isa = PBXBuildFile; fileRef = 7DCBBA6D25947E27007D8AD9 /* PersonModule.h */; settings = {ATTRIBUTES = (Public, ); }; };
		7DCBBA7225947E27007D8AD9 /* PersonModule.framework in Frameworks */ = {isa = PBXBuildFile; fileRef = 7DCBBA6B25947E27007D8AD9 /* PersonModule.framework */; };
		7DCBBA7325947E27007D8AD9 /* PersonModule.framework in Embed Frameworks */ = {isa = PBXBuildFile; fileRef = 7DCBBA6B25947E27007D8AD9 /* PersonModule.framework */; settings = {ATTRIBUTES = (CodeSignOnCopy, RemoveHeadersOnCopy, ); }; };
		7DCBBA7D25947EA0007D8AD9 /* PersonVO.swift in Sources */ = {isa = PBXBuildFile; fileRef = 7DCBBA7B25947EA0007D8AD9 /* PersonVO.swift */; };
		7DCBBA7E25947EA0007D8AD9 /* PersonAttachmentDecoder.swift in Sources */ = {isa = PBXBuildFile; fileRef = 7DCBBA7C25947EA0007D8AD9 /* PersonAttachmentDecoder.swift */; };
		7DCBBA8125947EC2007D8AD9 /* PersonRouter.swift in Sources */ = {isa = PBXBuildFile; fileRef = 7DCBBA8025947EC2007D8AD9 /* PersonRouter.swift */; };
		7DCBBA8425947EE2007D8AD9 /* GlobalImport.swift in Sources */ = {isa = PBXBuildFile; fileRef = 7DCBBA8325947EE2007D8AD9 /* GlobalImport.swift */; };
		7DCBBABA25947F71007D8AD9 /* PersonVC.swift in Sources */ = {isa = PBXBuildFile; fileRef = 7DCBBAB925947F71007D8AD9 /* PersonVC.swift */; };
		7DCBBABD25947FD1007D8AD9 /* AnimationVO.swift in Sources */ = {isa = PBXBuildFile; fileRef = 7DCBBABC25947FD1007D8AD9 /* AnimationVO.swift */; };
		7DCBBAC225948013007D8AD9 /* MainAttachmentDecoder.swift in Sources */ = {isa = PBXBuildFile; fileRef = 7DCBBAC125948013007D8AD9 /* MainAttachmentDecoder.swift */; };
		7DCBBB862594850D007D8AD9 /* IMChat.framework in Frameworks */ = {isa = PBXBuildFile; fileRef = 7DCBBB852594850D007D8AD9 /* IMChat.framework */; };
		7DCBBB872594850D007D8AD9 /* IMChat.framework in Embed Frameworks */ = {isa = PBXBuildFile; fileRef = 7DCBBB852594850D007D8AD9 /* IMChat.framework */; settings = {ATTRIBUTES = (CodeSignOnCopy, RemoveHeadersOnCopy, ); }; };
		7DCBBB8825948510007D8AD9 /* Pods_swift_study.framework in Frameworks */ = {isa = PBXBuildFile; fileRef = 9B00D0C26461627BB630AD20 /* Pods_swift_study.framework */; };
		7DCBBB8925948510007D8AD9 /* Pods_swift_study.framework in Embed Frameworks */ = {isa = PBXBuildFile; fileRef = 9B00D0C26461627BB630AD20 /* Pods_swift_study.framework */; settings = {ATTRIBUTES = (CodeSignOnCopy, RemoveHeadersOnCopy, ); }; };
		7DCBBB8B25948517007D8AD9 /* IMChat.framework in Frameworks */ = {isa = PBXBuildFile; fileRef = 7DCBBB8A25948517007D8AD9 /* IMChat.framework */; };
		7DCBBB8C25948517007D8AD9 /* IMChat.framework in Embed Frameworks */ = {isa = PBXBuildFile; fileRef = 7DCBBB8A25948517007D8AD9 /* IMChat.framework */; settings = {ATTRIBUTES = (CodeSignOnCopy, RemoveHeadersOnCopy, ); }; };
		7DCBBB8E25948520007D8AD9 /* IMChat.framework in Frameworks */ = {isa = PBXBuildFile; fileRef = 7DCBBB8D25948520007D8AD9 /* IMChat.framework */; };
		7DCBBB8F25948520007D8AD9 /* IMChat.framework in Embed Frameworks */ = {isa = PBXBuildFile; fileRef = 7DCBBB8D25948520007D8AD9 /* IMChat.framework */; settings = {ATTRIBUTES = (CodeSignOnCopy, RemoveHeadersOnCopy, ); }; };
		7DCBBB92259486AA007D8AD9 /* __AppSetup.swift in Sources */ = {isa = PBXBuildFile; fileRef = 7DCBBB91259486AA007D8AD9 /* __AppSetup.swift */; };
		7DD7FE5F24B2FDF600B9B43B /* ViewController.swift in Sources */ = {isa = PBXBuildFile; fileRef = 7DD7FE5E24B2FDF600B9B43B /* ViewController.swift */; };
		7DD7FE6224B3000A00B9B43B /* ExampleStackViewVC.swift in Sources */ = {isa = PBXBuildFile; fileRef = 7DD7FE6124B3000A00B9B43B /* ExampleStackViewVC.swift */; };
		7DD7FE6524B3006100B9B43B /* ExampleRxSwiftVC.swift in Sources */ = {isa = PBXBuildFile; fileRef = 7DD7FE6424B3006100B9B43B /* ExampleRxSwiftVC.swift */; };
		7DD7FE6724B4420D00B9B43B /* ExampleListCell.swift in Sources */ = {isa = PBXBuildFile; fileRef = 7DD7FE6624B4420D00B9B43B /* ExampleListCell.swift */; };
		7DD7FE6B24B4583300B9B43B /* ExampleStackViewVC.storyboard in Resources */ = {isa = PBXBuildFile; fileRef = 7DD7FE6A24B4583300B9B43B /* ExampleStackViewVC.storyboard */; };
		7DD7FE9824B45DD400B9B43B /* IBDesignableKitVC.swift in Sources */ = {isa = PBXBuildFile; fileRef = 7DD7FE9724B45DD400B9B43B /* IBDesignableKitVC.swift */; };
		7DD7FE9A24B45DF800B9B43B /* IBDesignableKitVC.storyboard in Resources */ = {isa = PBXBuildFile; fileRef = 7DD7FE9924B45DF800B9B43B /* IBDesignableKitVC.storyboard */; };
		7DE115BD2583140100609CE7 /* CountDownTimerExampleVC.swift in Sources */ = {isa = PBXBuildFile; fileRef = 7DE115BC2583140100609CE7 /* CountDownTimerExampleVC.swift */; };
		7DE115C12583140900609CE7 /* CountDownTimerExampleVC.storyboard in Resources */ = {isa = PBXBuildFile; fileRef = 7DE115C02583140900609CE7 /* CountDownTimerExampleVC.storyboard */; };
		7DE167222554EDDF00DB7FE3 /* DemoTouchTroughVC.swift in Sources */ = {isa = PBXBuildFile; fileRef = 7DE167212554EDDF00DB7FE3 /* DemoTouchTroughVC.swift */; };
		7DF277DC2492108400A1F7AA /* DemoReactorVC.swift in Sources */ = {isa = PBXBuildFile; fileRef = 7DF277DB2492108400A1F7AA /* DemoReactorVC.swift */; };
		7DF277DE2492154D00A1F7AA /* CounterViewReactor.swift in Sources */ = {isa = PBXBuildFile; fileRef = 7DF277DD2492154D00A1F7AA /* CounterViewReactor.swift */; };
		7DF3974324DA55AB003E88F5 /* DemoChildViewController.swift in Sources */ = {isa = PBXBuildFile; fileRef = 7DF3974224DA55AB003E88F5 /* DemoChildViewController.swift */; };
		7DF397E924DA5B7C003E88F5 /* HJGiftPopDemoViewController.swift in Sources */ = {isa = PBXBuildFile; fileRef = 7DF397E824DA5B7C003E88F5 /* HJGiftPopDemoViewController.swift */; };
		7DF397EB24DA5B87003E88F5 /* HJGiftPopDemoViewController.storyboard in Resources */ = {isa = PBXBuildFile; fileRef = 7DF397EA24DA5B87003E88F5 /* HJGiftPopDemoViewController.storyboard */; };
/* End PBXBuildFile section */

/* Begin PBXContainerItemProxy section */
		7DCBB9DC259440BA007D8AD9 /* PBXContainerItemProxy */ = {
			isa = PBXContainerItemProxy;
			containerPortal = 7D3F13C12473C42E000E6845 /* Project object */;
			proxyType = 1;
			remoteGlobalIDString = 7DCBB9D6259440BA007D8AD9;
			remoteInfo = OrderModule;
		};
		7DCBBA7025947E27007D8AD9 /* PBXContainerItemProxy */ = {
			isa = PBXContainerItemProxy;
			containerPortal = 7D3F13C12473C42E000E6845 /* Project object */;
			proxyType = 1;
			remoteGlobalIDString = 7DCBBA6A25947E27007D8AD9;
			remoteInfo = PersonModule;
		};
/* End PBXContainerItemProxy section */

/* Begin PBXCopyFilesBuildPhase section */
		7DCBB9EA259440E4007D8AD9 /* Embed Frameworks */ = {
			isa = PBXCopyFilesBuildPhase;
			buildActionMask = 2147483647;
			dstPath = "";
			dstSubfolderSpec = 10;
			files = (
				7DCBB9E9259440E4007D8AD9 /* AppFoundation.framework in Embed Frameworks */,
				7DCBBA1C25944145007D8AD9 /* Pods_swift_study_OrderModule.framework in Embed Frameworks */,
				7DCBBB8C25948517007D8AD9 /* IMChat.framework in Embed Frameworks */,
			);
			name = "Embed Frameworks";
			runOnlyForDeploymentPostprocessing = 0;
		};
		7DCBBB9025948520007D8AD9 /* Embed Frameworks */ = {
			isa = PBXCopyFilesBuildPhase;
			buildActionMask = 2147483647;
			dstPath = "";
			dstSubfolderSpec = 10;
			files = (
				7DCBBB8F25948520007D8AD9 /* IMChat.framework in Embed Frameworks */,
			);
			name = "Embed Frameworks";
			runOnlyForDeploymentPostprocessing = 0;
		};
		7DDFFBA7258B29A600286A59 /* Embed Frameworks */ = {
			isa = PBXCopyFilesBuildPhase;
			buildActionMask = 2147483647;
			dstPath = "";
			dstSubfolderSpec = 10;
			files = (
				7DCBBB8925948510007D8AD9 /* Pods_swift_study.framework in Embed Frameworks */,
				7DCBBA7325947E27007D8AD9 /* PersonModule.framework in Embed Frameworks */,
				7D4E4728258B4C4100C776DD /* AppFoundation.framework in Embed Frameworks */,
				7DCBBB872594850D007D8AD9 /* IMChat.framework in Embed Frameworks */,
				7DCBB9DF259440BA007D8AD9 /* OrderModule.framework in Embed Frameworks */,
			);
			name = "Embed Frameworks";
			runOnlyForDeploymentPostprocessing = 0;
		};
/* End PBXCopyFilesBuildPhase section */

/* Begin PBXFileReference section */
		1C38A148C02555E13B77275F /* Pods-swift-study-PersonModule.debug.xcconfig */ = {isa = PBXFileReference; includeInIndex = 1; lastKnownFileType = text.xcconfig; name = "Pods-swift-study-PersonModule.debug.xcconfig"; path = "Target Support Files/Pods-swift-study-PersonModule/Pods-swift-study-PersonModule.debug.xcconfig"; sourceTree = "<group>"; };
		53B9D9950BDCCBA127803CA9 /* Pods_swift_study_OrderModule.framework */ = {isa = PBXFileReference; explicitFileType = wrapper.framework; includeInIndex = 0; path = Pods_swift_study_OrderModule.framework; sourceTree = BUILT_PRODUCTS_DIR; };
		559AB5D24DDA67BD519A9A46 /* Pods-swift-study-Order.release.xcconfig */ = {isa = PBXFileReference; includeInIndex = 1; lastKnownFileType = text.xcconfig; name = "Pods-swift-study-Order.release.xcconfig"; path = "Target Support Files/Pods-swift-study-Order/Pods-swift-study-Order.release.xcconfig"; sourceTree = "<group>"; };
		5D0C7BB0DC07EC9CACCC48D2 /* Pods-swift-study-Order.debug.xcconfig */ = {isa = PBXFileReference; includeInIndex = 1; lastKnownFileType = text.xcconfig; name = "Pods-swift-study-Order.debug.xcconfig"; path = "Target Support Files/Pods-swift-study-Order/Pods-swift-study-Order.debug.xcconfig"; sourceTree = "<group>"; };
		6C34BFB704F91A4A870DD27F /* Pods-swift-study-PersonModule.release.xcconfig */ = {isa = PBXFileReference; includeInIndex = 1; lastKnownFileType = text.xcconfig; name = "Pods-swift-study-PersonModule.release.xcconfig"; path = "Target Support Files/Pods-swift-study-PersonModule/Pods-swift-study-PersonModule.release.xcconfig"; sourceTree = "<group>"; };
		73A0D2E8FDA7DFF942D4EE8A /* Pods-swift-study-OrderModule.release.xcconfig */ = {isa = PBXFileReference; includeInIndex = 1; lastKnownFileType = text.xcconfig; name = "Pods-swift-study-OrderModule.release.xcconfig"; path = "Target Support Files/Pods-swift-study-OrderModule/Pods-swift-study-OrderModule.release.xcconfig"; sourceTree = "<group>"; };
		7D01022525B7C52C00A2D359 /* JCSDemoVC.swift */ = {isa = PBXFileReference; lastKnownFileType = sourcecode.swift; path = JCSDemoVC.swift; sourceTree = "<group>"; };
		7D01022725B7C6A600A2D359 /* jcs_runtime_classes.plist */ = {isa = PBXFileReference; lastKnownFileType = text.plist.xml; path = jcs_runtime_classes.plist; sourceTree = "<group>"; };
		7D01FFD224B807E500C3A6FC /* ExampleRxSwiftVC.storyboard */ = {isa = PBXFileReference; lastKnownFileType = file.storyboard; path = ExampleRxSwiftVC.storyboard; sourceTree = "<group>"; };
		7D1624022480A90F00987234 /* LSActivityExplodeView.swift */ = {isa = PBXFileReference; lastKnownFileType = sourcecode.swift; path = LSActivityExplodeView.swift; sourceTree = "<group>"; };
		7D3F13C92473C42E000E6845 /* swift-study.app */ = {isa = PBXFileReference; explicitFileType = wrapper.application; includeInIndex = 0; path = "swift-study.app"; sourceTree = BUILT_PRODUCTS_DIR; };
		7D3F13CC2473C42E000E6845 /* AppDelegate.swift */ = {isa = PBXFileReference; lastKnownFileType = sourcecode.swift; path = AppDelegate.swift; sourceTree = "<group>"; };
		7D3F13D32473C42E000E6845 /* Base */ = {isa = PBXFileReference; lastKnownFileType = file.storyboard; name = Base; path = Base.lproj/Main.storyboard; sourceTree = "<group>"; };
		7D3F13D52473C42F000E6845 /* Assets.xcassets */ = {isa = PBXFileReference; lastKnownFileType = folder.assetcatalog; path = Assets.xcassets; sourceTree = "<group>"; };
		7D3F13D82473C42F000E6845 /* Base */ = {isa = PBXFileReference; lastKnownFileType = file.storyboard; name = Base; path = Base.lproj/LaunchScreen.storyboard; sourceTree = "<group>"; };
		7D3F13DA2473C42F000E6845 /* Info.plist */ = {isa = PBXFileReference; lastKnownFileType = text.plist.xml; path = Info.plist; sourceTree = "<group>"; };
		7D3F148C2474C2DC000E6845 /* DemoMoya.swift */ = {isa = PBXFileReference; lastKnownFileType = sourcecode.swift; path = DemoMoya.swift; sourceTree = "<group>"; };
		7D4E46E1258B3BC400C776DD /* AppFoundation.framework */ = {isa = PBXFileReference; explicitFileType = wrapper.framework; path = AppFoundation.framework; sourceTree = BUILT_PRODUCTS_DIR; };
		7D5221F02477DD9B00B06978 /* IGDemoVC.swift */ = {isa = PBXFileReference; lastKnownFileType = sourcecode.swift; path = IGDemoVC.swift; sourceTree = "<group>"; };
		7D5221F22477DEB000B06978 /* IGDemoSectionOne.swift */ = {isa = PBXFileReference; lastKnownFileType = sourcecode.swift; path = IGDemoSectionOne.swift; sourceTree = "<group>"; };
		7D5221F42477DF1500B06978 /* IGDemoCell1.swift */ = {isa = PBXFileReference; lastKnownFileType = sourcecode.swift; path = IGDemoCell1.swift; sourceTree = "<group>"; };
		7D522348247BA81900B06978 /* DemoItem.swift */ = {isa = PBXFileReference; lastKnownFileType = sourcecode.swift; path = DemoItem.swift; sourceTree = "<group>"; };
		7DA1A10424D2BC2500106D4B /* RichTextViewController.swift */ = {isa = PBXFileReference; lastKnownFileType = sourcecode.swift; path = RichTextViewController.swift; sourceTree = "<group>"; };
		7DA1A10624D2BC3B00106D4B /* RichTextViewController.storyboard */ = {isa = PBXFileReference; lastKnownFileType = file.storyboard; path = RichTextViewController.storyboard; sourceTree = "<group>"; };
		7DA1A1AF24D2C3F300106D4B /* PopverViewController.swift */ = {isa = PBXFileReference; lastKnownFileType = sourcecode.swift; path = PopverViewController.swift; sourceTree = "<group>"; };
		7DA1A1B124D2C40D00106D4B /* PopverViewController.storyboard */ = {isa = PBXFileReference; lastKnownFileType = file.storyboard; path = PopverViewController.storyboard; sourceTree = "<group>"; };
		7DA1A25624D3E2B000106D4B /* PopverContentView.swift */ = {isa = PBXFileReference; lastKnownFileType = sourcecode.swift; path = PopverContentView.swift; sourceTree = "<group>"; };
		7DA1A25824D3E2BA00106D4B /* PopverContentView.xib */ = {isa = PBXFileReference; lastKnownFileType = file.xib; path = PopverContentView.xib; sourceTree = "<group>"; };
		7DAE3CDA24E26EB900C64245 /* ModalDemoViewController.swift */ = {isa = PBXFileReference; lastKnownFileType = sourcecode.swift; path = ModalDemoViewController.swift; sourceTree = "<group>"; };
		7DAE3D7F24E39F2600C64245 /* Media.xcassets */ = {isa = PBXFileReference; lastKnownFileType = folder.assetcatalog; path = Media.xcassets; sourceTree = "<group>"; };
		7DB387572591CF9C00E7058A /* GlobalImport.swift */ = {isa = PBXFileReference; lastKnownFileType = sourcecode.swift; path = GlobalImport.swift; sourceTree = "<group>"; };
		7DB387852591D46900E7058A /* TinyConsoleDemoVC.swift */ = {isa = PBXFileReference; lastKnownFileType = sourcecode.swift; path = TinyConsoleDemoVC.swift; sourceTree = "<group>"; };
		7DB387F6259201B600E7058A /* ExampleRouter.swift */ = {isa = PBXFileReference; lastKnownFileType = sourcecode.swift; path = ExampleRouter.swift; sourceTree = "<group>"; };
		7DC0B3872579E5AD00BE5165 /* HJGiftPopTrackBehavior.swift */ = {isa = PBXFileReference; lastKnownFileType = sourcecode.swift; path = HJGiftPopTrackBehavior.swift; sourceTree = "<group>"; };
		7DC0B38A2579EB6A00BE5165 /* HJGiftPopTrackBehaviorTwo.swift */ = {isa = PBXFileReference; lastKnownFileType = sourcecode.swift; path = HJGiftPopTrackBehaviorTwo.swift; sourceTree = "<group>"; };
		7DC57B312579DBA6000F0CDA /* HJGiftPopTrackBehaviorOne.swift */ = {isa = PBXFileReference; lastKnownFileType = sourcecode.swift; path = HJGiftPopTrackBehaviorOne.swift; sourceTree = "<group>"; };
		7DC57B352579DC09000F0CDA /* HJGiftPopViewModel.swift */ = {isa = PBXFileReference; lastKnownFileType = sourcecode.swift; path = HJGiftPopViewModel.swift; sourceTree = "<group>"; };
		7DCBB8AD25933C8C007D8AD9 /* ExampleViewModel.swift */ = {isa = PBXFileReference; lastKnownFileType = sourcecode.swift; path = ExampleViewModel.swift; sourceTree = "<group>"; };
		7DCBB94D25943AA7007D8AD9 /* IMDemoVC.swift */ = {isa = PBXFileReference; lastKnownFileType = sourcecode.swift; path = IMDemoVC.swift; sourceTree = "<group>"; };
		7DCBB96125943C49007D8AD9 /* OrderVC.swift */ = {isa = PBXFileReference; lastKnownFileType = sourcecode.swift; path = OrderVC.swift; sourceTree = "<group>"; };
		7DCBB96425943C58007D8AD9 /* OrderRouter.swift */ = {isa = PBXFileReference; lastKnownFileType = sourcecode.swift; path = OrderRouter.swift; sourceTree = "<group>"; };
		7DCBB9CC25943E8A007D8AD9 /* AppFoundation.framework */ = {isa = PBXFileReference; explicitFileType = wrapper.framework; path = AppFoundation.framework; sourceTree = BUILT_PRODUCTS_DIR; };
		7DCBB9D7259440BA007D8AD9 /* OrderModule.framework */ = {isa = PBXFileReference; explicitFileType = wrapper.framework; includeInIndex = 0; path = OrderModule.framework; sourceTree = BUILT_PRODUCTS_DIR; };
		7DCBB9D9259440BA007D8AD9 /* OrderModule.h */ = {isa = PBXFileReference; lastKnownFileType = sourcecode.c.h; path = OrderModule.h; sourceTree = "<group>"; };
		7DCBB9DA259440BA007D8AD9 /* Info.plist */ = {isa = PBXFileReference; lastKnownFileType = text.plist.xml; path = Info.plist; sourceTree = "<group>"; };
		7DCBB9E7259440E4007D8AD9 /* AppFoundation.framework */ = {isa = PBXFileReference; explicitFileType = wrapper.framework; path = AppFoundation.framework; sourceTree = BUILT_PRODUCTS_DIR; };
		7DCBBA5E25947C63007D8AD9 /* OrderVO.swift */ = {isa = PBXFileReference; fileEncoding = 4; lastKnownFileType = sourcecode.swift; path = OrderVO.swift; sourceTree = "<group>"; };
		7DCBBA6025947C82007D8AD9 /* GlobalImport.swift */ = {isa = PBXFileReference; lastKnownFileType = sourcecode.swift; path = GlobalImport.swift; sourceTree = "<group>"; };
		7DCBBA6425947D30007D8AD9 /* OrderAttachmentDecoder.swift */ = {isa = PBXFileReference; lastKnownFileType = sourcecode.swift; path = OrderAttachmentDecoder.swift; sourceTree = "<group>"; };
		7DCBBA6B25947E27007D8AD9 /* PersonModule.framework */ = {isa = PBXFileReference; explicitFileType = wrapper.framework; includeInIndex = 0; path = PersonModule.framework; sourceTree = BUILT_PRODUCTS_DIR; };
		7DCBBA6D25947E27007D8AD9 /* PersonModule.h */ = {isa = PBXFileReference; lastKnownFileType = sourcecode.c.h; path = PersonModule.h; sourceTree = "<group>"; };
		7DCBBA6E25947E27007D8AD9 /* Info.plist */ = {isa = PBXFileReference; lastKnownFileType = text.plist.xml; path = Info.plist; sourceTree = "<group>"; };
		7DCBBA7B25947EA0007D8AD9 /* PersonVO.swift */ = {isa = PBXFileReference; fileEncoding = 4; lastKnownFileType = sourcecode.swift; path = PersonVO.swift; sourceTree = "<group>"; };
		7DCBBA7C25947EA0007D8AD9 /* PersonAttachmentDecoder.swift */ = {isa = PBXFileReference; fileEncoding = 4; lastKnownFileType = sourcecode.swift; path = PersonAttachmentDecoder.swift; sourceTree = "<group>"; };
		7DCBBA8025947EC2007D8AD9 /* PersonRouter.swift */ = {isa = PBXFileReference; lastKnownFileType = sourcecode.swift; path = PersonRouter.swift; sourceTree = "<group>"; };
		7DCBBA8325947EE2007D8AD9 /* GlobalImport.swift */ = {isa = PBXFileReference; lastKnownFileType = sourcecode.swift; path = GlobalImport.swift; sourceTree = "<group>"; };
		7DCBBAB925947F71007D8AD9 /* PersonVC.swift */ = {isa = PBXFileReference; lastKnownFileType = sourcecode.swift; path = PersonVC.swift; sourceTree = "<group>"; };
		7DCBBABC25947FD1007D8AD9 /* AnimationVO.swift */ = {isa = PBXFileReference; lastKnownFileType = sourcecode.swift; path = AnimationVO.swift; sourceTree = "<group>"; };
		7DCBBAC125948013007D8AD9 /* MainAttachmentDecoder.swift */ = {isa = PBXFileReference; lastKnownFileType = sourcecode.swift; path = MainAttachmentDecoder.swift; sourceTree = "<group>"; };
		7DCBBB852594850D007D8AD9 /* IMChat.framework */ = {isa = PBXFileReference; explicitFileType = wrapper.framework; path = IMChat.framework; sourceTree = BUILT_PRODUCTS_DIR; };
		7DCBBB8A25948517007D8AD9 /* IMChat.framework */ = {isa = PBXFileReference; explicitFileType = wrapper.framework; path = IMChat.framework; sourceTree = BUILT_PRODUCTS_DIR; };
		7DCBBB8D25948520007D8AD9 /* IMChat.framework */ = {isa = PBXFileReference; explicitFileType = wrapper.framework; path = IMChat.framework; sourceTree = BUILT_PRODUCTS_DIR; };
		7DCBBB91259486AA007D8AD9 /* __AppSetup.swift */ = {isa = PBXFileReference; lastKnownFileType = sourcecode.swift; path = __AppSetup.swift; sourceTree = "<group>"; };
		7DD7FE5E24B2FDF600B9B43B /* ViewController.swift */ = {isa = PBXFileReference; lastKnownFileType = sourcecode.swift; path = ViewController.swift; sourceTree = "<group>"; };
		7DD7FE6124B3000A00B9B43B /* ExampleStackViewVC.swift */ = {isa = PBXFileReference; lastKnownFileType = sourcecode.swift; path = ExampleStackViewVC.swift; sourceTree = "<group>"; };
		7DD7FE6424B3006100B9B43B /* ExampleRxSwiftVC.swift */ = {isa = PBXFileReference; lastKnownFileType = sourcecode.swift; path = ExampleRxSwiftVC.swift; sourceTree = "<group>"; };
		7DD7FE6624B4420D00B9B43B /* ExampleListCell.swift */ = {isa = PBXFileReference; lastKnownFileType = sourcecode.swift; path = ExampleListCell.swift; sourceTree = "<group>"; };
		7DD7FE6A24B4583300B9B43B /* ExampleStackViewVC.storyboard */ = {isa = PBXFileReference; lastKnownFileType = file.storyboard; path = ExampleStackViewVC.storyboard; sourceTree = "<group>"; };
		7DD7FE9724B45DD400B9B43B /* IBDesignableKitVC.swift */ = {isa = PBXFileReference; lastKnownFileType = sourcecode.swift; path = IBDesignableKitVC.swift; sourceTree = "<group>"; };
		7DD7FE9924B45DF800B9B43B /* IBDesignableKitVC.storyboard */ = {isa = PBXFileReference; lastKnownFileType = file.storyboard; path = IBDesignableKitVC.storyboard; sourceTree = "<group>"; };
		7DE115BC2583140100609CE7 /* CountDownTimerExampleVC.swift */ = {isa = PBXFileReference; lastKnownFileType = sourcecode.swift; path = CountDownTimerExampleVC.swift; sourceTree = "<group>"; };
		7DE115C02583140900609CE7 /* CountDownTimerExampleVC.storyboard */ = {isa = PBXFileReference; lastKnownFileType = file.storyboard; path = CountDownTimerExampleVC.storyboard; sourceTree = "<group>"; };
		7DE167212554EDDF00DB7FE3 /* DemoTouchTroughVC.swift */ = {isa = PBXFileReference; lastKnownFileType = sourcecode.swift; path = DemoTouchTroughVC.swift; sourceTree = "<group>"; };
		7DF277DB2492108400A1F7AA /* DemoReactorVC.swift */ = {isa = PBXFileReference; lastKnownFileType = sourcecode.swift; path = DemoReactorVC.swift; sourceTree = "<group>"; };
		7DF277DD2492154D00A1F7AA /* CounterViewReactor.swift */ = {isa = PBXFileReference; lastKnownFileType = sourcecode.swift; path = CounterViewReactor.swift; sourceTree = "<group>"; };
		7DF3974224DA55AB003E88F5 /* DemoChildViewController.swift */ = {isa = PBXFileReference; lastKnownFileType = sourcecode.swift; path = DemoChildViewController.swift; sourceTree = "<group>"; };
		7DF397E824DA5B7C003E88F5 /* HJGiftPopDemoViewController.swift */ = {isa = PBXFileReference; lastKnownFileType = sourcecode.swift; path = HJGiftPopDemoViewController.swift; sourceTree = "<group>"; };
		7DF397EA24DA5B87003E88F5 /* HJGiftPopDemoViewController.storyboard */ = {isa = PBXFileReference; lastKnownFileType = file.storyboard; path = HJGiftPopDemoViewController.storyboard; sourceTree = "<group>"; };
		97F0AE28D3702DA19AC7A2E9 /* Pods_swift_study_Order.framework */ = {isa = PBXFileReference; explicitFileType = wrapper.framework; includeInIndex = 0; path = Pods_swift_study_Order.framework; sourceTree = BUILT_PRODUCTS_DIR; };
		9B00D0C26461627BB630AD20 /* Pods_swift_study.framework */ = {isa = PBXFileReference; explicitFileType = wrapper.framework; includeInIndex = 0; path = Pods_swift_study.framework; sourceTree = BUILT_PRODUCTS_DIR; };
		B798FA5143569CB7B1F8539D /* Pods-swift-study.debug.xcconfig */ = {isa = PBXFileReference; includeInIndex = 1; lastKnownFileType = text.xcconfig; name = "Pods-swift-study.debug.xcconfig"; path = "Target Support Files/Pods-swift-study/Pods-swift-study.debug.xcconfig"; sourceTree = "<group>"; };
		C34AFB96CEB9CBFAABF4D658 /* Pods-swift-study.release.xcconfig */ = {isa = PBXFileReference; includeInIndex = 1; lastKnownFileType = text.xcconfig; name = "Pods-swift-study.release.xcconfig"; path = "Target Support Files/Pods-swift-study/Pods-swift-study.release.xcconfig"; sourceTree = "<group>"; };
		F79BFE65063D1CFD9D60664B /* Pods_swift_study_PersonModule.framework */ = {isa = PBXFileReference; explicitFileType = wrapper.framework; includeInIndex = 0; path = Pods_swift_study_PersonModule.framework; sourceTree = BUILT_PRODUCTS_DIR; };
		F896294D3132D002C7CEDC98 /* Pods-swift-study-OrderModule.debug.xcconfig */ = {isa = PBXFileReference; includeInIndex = 1; lastKnownFileType = text.xcconfig; name = "Pods-swift-study-OrderModule.debug.xcconfig"; path = "Target Support Files/Pods-swift-study-OrderModule/Pods-swift-study-OrderModule.debug.xcconfig"; sourceTree = "<group>"; };
/* End PBXFileReference section */

/* Begin PBXFrameworksBuildPhase section */
		7D3F13C62473C42E000E6845 /* Frameworks */ = {
			isa = PBXFrameworksBuildPhase;
			buildActionMask = 2147483647;
			files = (
				7DCBBB8825948510007D8AD9 /* Pods_swift_study.framework in Frameworks */,
				7D4E4727258B4C4100C776DD /* AppFoundation.framework in Frameworks */,
				7DCBBB862594850D007D8AD9 /* IMChat.framework in Frameworks */,
				7DCBB9DE259440BA007D8AD9 /* OrderModule.framework in Frameworks */,
				7DCBBA7225947E27007D8AD9 /* PersonModule.framework in Frameworks */,
			);
			runOnlyForDeploymentPostprocessing = 0;
		};
		7DCBB9D4259440BA007D8AD9 /* Frameworks */ = {
			isa = PBXFrameworksBuildPhase;
			buildActionMask = 2147483647;
			files = (
				7DCBB9E8259440E4007D8AD9 /* AppFoundation.framework in Frameworks */,
				7DCBBA1B25944145007D8AD9 /* Pods_swift_study_OrderModule.framework in Frameworks */,
				7DCBBB8B25948517007D8AD9 /* IMChat.framework in Frameworks */,
			);
			runOnlyForDeploymentPostprocessing = 0;
		};
		7DCBBA6825947E27007D8AD9 /* Frameworks */ = {
			isa = PBXFrameworksBuildPhase;
			buildActionMask = 2147483647;
			files = (
				7DCBBB8E25948520007D8AD9 /* IMChat.framework in Frameworks */,
				57AC2D29B759D752F1FE9F7E /* Pods_swift_study_PersonModule.framework in Frameworks */,
			);
			runOnlyForDeploymentPostprocessing = 0;
		};
/* End PBXFrameworksBuildPhase section */

/* Begin PBXGroup section */
		16A4CCDFE1FF466E0257B4A3 /* Pods */ = {
			isa = PBXGroup;
			children = (
				B798FA5143569CB7B1F8539D /* Pods-swift-study.debug.xcconfig */,
				C34AFB96CEB9CBFAABF4D658 /* Pods-swift-study.release.xcconfig */,
				5D0C7BB0DC07EC9CACCC48D2 /* Pods-swift-study-Order.debug.xcconfig */,
				559AB5D24DDA67BD519A9A46 /* Pods-swift-study-Order.release.xcconfig */,
				F896294D3132D002C7CEDC98 /* Pods-swift-study-OrderModule.debug.xcconfig */,
				73A0D2E8FDA7DFF942D4EE8A /* Pods-swift-study-OrderModule.release.xcconfig */,
				1C38A148C02555E13B77275F /* Pods-swift-study-PersonModule.debug.xcconfig */,
				6C34BFB704F91A4A870DD27F /* Pods-swift-study-PersonModule.release.xcconfig */,
			);
			path = Pods;
			sourceTree = "<group>";
		};
		7D01022425B7C41E00A2D359 /* JCS */ = {
			isa = PBXGroup;
			children = (
				7D01022525B7C52C00A2D359 /* JCSDemoVC.swift */,
			);
			path = JCS;
			sourceTree = "<group>";
		};
		7D3F13C02473C42E000E6845 = {
			isa = PBXGroup;
			children = (
				7D3F13CB2473C42E000E6845 /* swift-study */,
				7DCBB9D8259440BA007D8AD9 /* OrderModule */,
				7DCBBA6C25947E27007D8AD9 /* PersonModule */,
				7D3F13CA2473C42E000E6845 /* Products */,
				16A4CCDFE1FF466E0257B4A3 /* Pods */,
				AF01B330624906CB6B25B27A /* Frameworks */,
			);
			sourceTree = "<group>";
		};
		7D3F13CA2473C42E000E6845 /* Products */ = {
			isa = PBXGroup;
			children = (
				7D3F13C92473C42E000E6845 /* swift-study.app */,
				7DCBB9D7259440BA007D8AD9 /* OrderModule.framework */,
				7DCBBA6B25947E27007D8AD9 /* PersonModule.framework */,
			);
			name = Products;
			sourceTree = "<group>";
		};
		7D3F13CB2473C42E000E6845 /* swift-study */ = {
			isa = PBXGroup;
			children = (
				7DD7FE5724B2FCEA00B9B43B /* Models */,
				7DD7FE5824B2FCFE00B9B43B /* Examples */,
				7DD7FE5D24B2FDAB00B9B43B /* Index */,
				7D3F13E02473C452000E6845 /* Other */,
				7DD7FE4C24B2FB1300B9B43B /* Resource */,
			);
			path = "swift-study";
			sourceTree = "<group>";
		};
		7D3F13E02473C452000E6845 /* Other */ = {
			isa = PBXGroup;
			children = (
				7D3F13CC2473C42E000E6845 /* AppDelegate.swift */,
				7DCBBB91259486AA007D8AD9 /* __AppSetup.swift */,
				7D3F13D72473C42F000E6845 /* LaunchScreen.storyboard */,
				7D3F13DA2473C42F000E6845 /* Info.plist */,
				7DB387572591CF9C00E7058A /* GlobalImport.swift */,
			);
			name = Other;
			sourceTree = "<group>";
		};
		7DA1A10324D2BBFD00106D4B /* 富文本 */ = {
			isa = PBXGroup;
			children = (
				7DA1A10424D2BC2500106D4B /* RichTextViewController.swift */,
				7DF3974224DA55AB003E88F5 /* DemoChildViewController.swift */,
				7DA1A10624D2BC3B00106D4B /* RichTextViewController.storyboard */,
			);
			path = "富文本";
			sourceTree = "<group>";
		};
		7DA1A1AE24D2C3E400106D4B /* Popver */ = {
			isa = PBXGroup;
			children = (
				7DA1A1AF24D2C3F300106D4B /* PopverViewController.swift */,
				7DA1A1B124D2C40D00106D4B /* PopverViewController.storyboard */,
				7DA1A25624D3E2B000106D4B /* PopverContentView.swift */,
				7DA1A25824D3E2BA00106D4B /* PopverContentView.xib */,
			);
			path = Popver;
			sourceTree = "<group>";
		};
		7DAE3CD924E26EA300C64245 /* Modal */ = {
			isa = PBXGroup;
			children = (
				7DAE3CDA24E26EB900C64245 /* ModalDemoViewController.swift */,
			);
			path = Modal;
			sourceTree = "<group>";
		};
		7DB387842591D44700E7058A /* TinyConsole */ = {
			isa = PBXGroup;
			children = (
				7DB387852591D46900E7058A /* TinyConsoleDemoVC.swift */,
			);
			path = TinyConsole;
			sourceTree = "<group>";
		};
		7DB387E02591E78D00E7058A /* URLNavigator */ = {
			isa = PBXGroup;
			children = (
			);
			path = URLNavigator;
			sourceTree = "<group>";
		};
		7DC57B342579DBC1000F0CDA /* HJGiftPopTrackBehavior */ = {
			isa = PBXGroup;
			children = (
				7DC57B312579DBA6000F0CDA /* HJGiftPopTrackBehaviorOne.swift */,
				7DC0B38A2579EB6A00BE5165 /* HJGiftPopTrackBehaviorTwo.swift */,
				7DC0B3872579E5AD00BE5165 /* HJGiftPopTrackBehavior.swift */,
			);
			path = HJGiftPopTrackBehavior;
			sourceTree = "<group>";
		};
		7DCBB91125934BBF007D8AD9 /* NIM */ = {
			isa = PBXGroup;
			children = (
				7DCBB94D25943AA7007D8AD9 /* IMDemoVC.swift */,
				7DCBBABC25947FD1007D8AD9 /* AnimationVO.swift */,
				7DCBBAC125948013007D8AD9 /* MainAttachmentDecoder.swift */,
			);
			path = NIM;
			sourceTree = "<group>";
		};
		7DCBB9D8259440BA007D8AD9 /* OrderModule */ = {
			isa = PBXGroup;
			children = (
				7DCBB9E4259440C5007D8AD9 /* OrderModule */,
				7DCBB9D9259440BA007D8AD9 /* OrderModule.h */,
				7DCBB9DA259440BA007D8AD9 /* Info.plist */,
			);
			path = OrderModule;
			sourceTree = "<group>";
		};
		7DCBB9E4259440C5007D8AD9 /* OrderModule */ = {
			isa = PBXGroup;
			children = (
				7DCBBA5C25947C63007D8AD9 /* IMAttachment */,
				7DCBB96125943C49007D8AD9 /* OrderVC.swift */,
				7DCBB96425943C58007D8AD9 /* OrderRouter.swift */,
				7DCBBA6025947C82007D8AD9 /* GlobalImport.swift */,
			);
			path = OrderModule;
			sourceTree = "<group>";
		};
		7DCBBA5C25947C63007D8AD9 /* IMAttachment */ = {
			isa = PBXGroup;
			children = (
				7DCBBA5D25947C63007D8AD9 /* CustomAttachment */,
				7DCBBA6425947D30007D8AD9 /* OrderAttachmentDecoder.swift */,
			);
			path = IMAttachment;
			sourceTree = "<group>";
		};
		7DCBBA5D25947C63007D8AD9 /* CustomAttachment */ = {
			isa = PBXGroup;
			children = (
				7DCBBA5E25947C63007D8AD9 /* OrderVO.swift */,
			);
			path = CustomAttachment;
			sourceTree = "<group>";
		};
		7DCBBA6C25947E27007D8AD9 /* PersonModule */ = {
			isa = PBXGroup;
			children = (
				7DCBBA7825947E2F007D8AD9 /* PersonModule */,
				7DCBBA6D25947E27007D8AD9 /* PersonModule.h */,
				7DCBBA6E25947E27007D8AD9 /* Info.plist */,
			);
			path = PersonModule;
			sourceTree = "<group>";
		};
		7DCBBA7825947E2F007D8AD9 /* PersonModule */ = {
			isa = PBXGroup;
			children = (
				7DCBBA7925947EA0007D8AD9 /* IMAttachment */,
				7DCBBAB925947F71007D8AD9 /* PersonVC.swift */,
				7DCBBA8025947EC2007D8AD9 /* PersonRouter.swift */,
				7DCBBA8325947EE2007D8AD9 /* GlobalImport.swift */,
			);
			path = PersonModule;
			sourceTree = "<group>";
		};
		7DCBBA7925947EA0007D8AD9 /* IMAttachment */ = {
			isa = PBXGroup;
			children = (
				7DCBBA7A25947EA0007D8AD9 /* CustomAttachment */,
				7DCBBA7C25947EA0007D8AD9 /* PersonAttachmentDecoder.swift */,
			);
			path = IMAttachment;
			sourceTree = "<group>";
		};
		7DCBBA7A25947EA0007D8AD9 /* CustomAttachment */ = {
			isa = PBXGroup;
			children = (
				7DCBBA7B25947EA0007D8AD9 /* PersonVO.swift */,
			);
			path = CustomAttachment;
			sourceTree = "<group>";
		};
		7DD7FE4C24B2FB1300B9B43B /* Resource */ = {
			isa = PBXGroup;
			children = (
				7D3F13D52473C42F000E6845 /* Assets.xcassets */,
				7DAE3D7F24E39F2600C64245 /* Media.xcassets */,
				7D01022725B7C6A600A2D359 /* jcs_runtime_classes.plist */,
			);
			name = Resource;
			sourceTree = "<group>";
		};
		7DD7FE5724B2FCEA00B9B43B /* Models */ = {
			isa = PBXGroup;
			children = (
				7D522348247BA81900B06978 /* DemoItem.swift */,
			);
			path = Models;
			sourceTree = "<group>";
		};
		7DD7FE5824B2FCFE00B9B43B /* Examples */ = {
			isa = PBXGroup;
			children = (
				7D01022425B7C41E00A2D359 /* JCS */,
				7DCBB91125934BBF007D8AD9 /* NIM */,
				7DB387E02591E78D00E7058A /* URLNavigator */,
				7DB387842591D44700E7058A /* TinyConsole */,
				7DE115BB258313DE00609CE7 /* 倒计时 */,
				7DE167202554EDCD00DB7FE3 /* TouchTrough */,
				7DAE3CD924E26EA300C64245 /* Modal */,
				7DF397E724DA5B5D003E88F5 /* 礼物气泡 */,
				7DA1A1AE24D2C3E400106D4B /* Popver */,
				7DA1A10324D2BBFD00106D4B /* 富文本 */,
				7DD7FE6E24B45ADC00B9B43B /* IBKit */,
				7DD7FE6324B3004A00B9B43B /* RxSwift */,
				7DD7FE6024B2FFEB00B9B43B /* StackView */,
				7DD7FE5C24B2FD8100B9B43B /* Demo-Reactor */,
				7DD7FE5B24B2FD6F00B9B43B /* Demo-Moya */,
				7DD7FE5A24B2FD5B00B9B43B /* Demo-IG */,
				7DD7FE5924B2FD3F00B9B43B /* 暴击气泡 */,
			);
			path = Examples;
			sourceTree = "<group>";
		};
		7DD7FE5924B2FD3F00B9B43B /* 暴击气泡 */ = {
			isa = PBXGroup;
			children = (
				7D1624022480A90F00987234 /* LSActivityExplodeView.swift */,
			);
			path = "暴击气泡";
			sourceTree = "<group>";
		};
		7DD7FE5A24B2FD5B00B9B43B /* Demo-IG */ = {
			isa = PBXGroup;
			children = (
				7D5221F02477DD9B00B06978 /* IGDemoVC.swift */,
				7D5221F22477DEB000B06978 /* IGDemoSectionOne.swift */,
				7D5221F42477DF1500B06978 /* IGDemoCell1.swift */,
			);
			path = "Demo-IG";
			sourceTree = "<group>";
		};
		7DD7FE5B24B2FD6F00B9B43B /* Demo-Moya */ = {
			isa = PBXGroup;
			children = (
				7D3F148C2474C2DC000E6845 /* DemoMoya.swift */,
			);
			path = "Demo-Moya";
			sourceTree = "<group>";
		};
		7DD7FE5C24B2FD8100B9B43B /* Demo-Reactor */ = {
			isa = PBXGroup;
			children = (
				7DF277DB2492108400A1F7AA /* DemoReactorVC.swift */,
				7DF277DD2492154D00A1F7AA /* CounterViewReactor.swift */,
			);
			path = "Demo-Reactor";
			sourceTree = "<group>";
		};
		7DD7FE5D24B2FDAB00B9B43B /* Index */ = {
			isa = PBXGroup;
			children = (
				7D3F13D22473C42E000E6845 /* Main.storyboard */,
				7DD7FE5E24B2FDF600B9B43B /* ViewController.swift */,
				7DD7FE6624B4420D00B9B43B /* ExampleListCell.swift */,
				7DB387F6259201B600E7058A /* ExampleRouter.swift */,
				7DCBB8AD25933C8C007D8AD9 /* ExampleViewModel.swift */,
			);
			path = Index;
			sourceTree = "<group>";
		};
		7DD7FE6024B2FFEB00B9B43B /* StackView */ = {
			isa = PBXGroup;
			children = (
				7DD7FE6124B3000A00B9B43B /* ExampleStackViewVC.swift */,
				7DD7FE6A24B4583300B9B43B /* ExampleStackViewVC.storyboard */,
			);
			path = StackView;
			sourceTree = "<group>";
		};
		7DD7FE6324B3004A00B9B43B /* RxSwift */ = {
			isa = PBXGroup;
			children = (
				7DD7FE6424B3006100B9B43B /* ExampleRxSwiftVC.swift */,
				7D01FFD224B807E500C3A6FC /* ExampleRxSwiftVC.storyboard */,
			);
			path = RxSwift;
			sourceTree = "<group>";
		};
		7DD7FE6E24B45ADC00B9B43B /* IBKit */ = {
			isa = PBXGroup;
			children = (
				7DD7FE9724B45DD400B9B43B /* IBDesignableKitVC.swift */,
				7DD7FE9924B45DF800B9B43B /* IBDesignableKitVC.storyboard */,
			);
			path = IBKit;
			sourceTree = "<group>";
		};
		7DE115BB258313DE00609CE7 /* 倒计时 */ = {
			isa = PBXGroup;
			children = (
				7DE115BC2583140100609CE7 /* CountDownTimerExampleVC.swift */,
				7DE115C02583140900609CE7 /* CountDownTimerExampleVC.storyboard */,
			);
			path = "倒计时";
			sourceTree = "<group>";
		};
		7DE167202554EDCD00DB7FE3 /* TouchTrough */ = {
			isa = PBXGroup;
			children = (
				7DE167212554EDDF00DB7FE3 /* DemoTouchTroughVC.swift */,
			);
			path = TouchTrough;
			sourceTree = "<group>";
		};
		7DF397E724DA5B5D003E88F5 /* 礼物气泡 */ = {
			isa = PBXGroup;
			children = (
				7DF397E824DA5B7C003E88F5 /* HJGiftPopDemoViewController.swift */,
				7DF397EA24DA5B87003E88F5 /* HJGiftPopDemoViewController.storyboard */,
				7DC57B352579DC09000F0CDA /* HJGiftPopViewModel.swift */,
				7DC57B342579DBC1000F0CDA /* HJGiftPopTrackBehavior */,
			);
			path = "礼物气泡";
			sourceTree = "<group>";
		};
		AF01B330624906CB6B25B27A /* Frameworks */ = {
			isa = PBXGroup;
			children = (
				7DCBBB8D25948520007D8AD9 /* IMChat.framework */,
				7DCBBB8A25948517007D8AD9 /* IMChat.framework */,
				7DCBBB852594850D007D8AD9 /* IMChat.framework */,
				7DCBB9E7259440E4007D8AD9 /* AppFoundation.framework */,
				7DCBB9CC25943E8A007D8AD9 /* AppFoundation.framework */,
				7D4E46E1258B3BC400C776DD /* AppFoundation.framework */,
				9B00D0C26461627BB630AD20 /* Pods_swift_study.framework */,
				97F0AE28D3702DA19AC7A2E9 /* Pods_swift_study_Order.framework */,
				53B9D9950BDCCBA127803CA9 /* Pods_swift_study_OrderModule.framework */,
				F79BFE65063D1CFD9D60664B /* Pods_swift_study_PersonModule.framework */,
			);
			name = Frameworks;
			sourceTree = "<group>";
		};
/* End PBXGroup section */

/* Begin PBXHeadersBuildPhase section */
		7DCBB9D2259440BA007D8AD9 /* Headers */ = {
			isa = PBXHeadersBuildPhase;
			buildActionMask = 2147483647;
			files = (
				7DCBB9DB259440BA007D8AD9 /* OrderModule.h in Headers */,
			);
			runOnlyForDeploymentPostprocessing = 0;
		};
		7DCBBA6625947E27007D8AD9 /* Headers */ = {
			isa = PBXHeadersBuildPhase;
			buildActionMask = 2147483647;
			files = (
				7DCBBA6F25947E27007D8AD9 /* PersonModule.h in Headers */,
			);
			runOnlyForDeploymentPostprocessing = 0;
		};
/* End PBXHeadersBuildPhase section */

/* Begin PBXNativeTarget section */
		7D3F13C82473C42E000E6845 /* swift-study */ = {
			isa = PBXNativeTarget;
			buildConfigurationList = 7D3F13DD2473C42F000E6845 /* Build configuration list for PBXNativeTarget "swift-study" */;
			buildPhases = (
				2110497F1F6E941D3D509BEE /* [CP] Check Pods Manifest.lock */,
				7D3F13C52473C42E000E6845 /* Sources */,
				7D3F13C62473C42E000E6845 /* Frameworks */,
				7D3F13C72473C42E000E6845 /* Resources */,
				00486AC0F85ADFE53E842B26 /* [CP] Embed Pods Frameworks */,
				7DDFFBA7258B29A600286A59 /* Embed Frameworks */,
			);
			buildRules = (
			);
			dependencies = (
				7DCBB9DD259440BA007D8AD9 /* PBXTargetDependency */,
				7DCBBA7125947E27007D8AD9 /* PBXTargetDependency */,
			);
			name = "swift-study";
			productName = "swift-study";
			productReference = 7D3F13C92473C42E000E6845 /* swift-study.app */;
			productType = "com.apple.product-type.application";
		};
		7DCBB9D6259440BA007D8AD9 /* OrderModule */ = {
			isa = PBXNativeTarget;
			buildConfigurationList = 7DCBB9E0259440BA007D8AD9 /* Build configuration list for PBXNativeTarget "OrderModule" */;
			buildPhases = (
				170B073353DBAE91C6CF4D76 /* [CP] Check Pods Manifest.lock */,
				7DCBB9D2259440BA007D8AD9 /* Headers */,
				7DCBB9D3259440BA007D8AD9 /* Sources */,
				7DCBB9D4259440BA007D8AD9 /* Frameworks */,
				7DCBB9D5259440BA007D8AD9 /* Resources */,
				7DCBB9EA259440E4007D8AD9 /* Embed Frameworks */,
			);
			buildRules = (
			);
			dependencies = (
			);
			name = OrderModule;
			productName = OrderModule;
			productReference = 7DCBB9D7259440BA007D8AD9 /* OrderModule.framework */;
			productType = "com.apple.product-type.framework";
		};
		7DCBBA6A25947E27007D8AD9 /* PersonModule */ = {
			isa = PBXNativeTarget;
			buildConfigurationList = 7DCBBA7425947E27007D8AD9 /* Build configuration list for PBXNativeTarget "PersonModule" */;
			buildPhases = (
				78A9EDB28E90AF685783A214 /* [CP] Check Pods Manifest.lock */,
				7DCBBA6625947E27007D8AD9 /* Headers */,
				7DCBBA6725947E27007D8AD9 /* Sources */,
				7DCBBA6825947E27007D8AD9 /* Frameworks */,
				7DCBBA6925947E27007D8AD9 /* Resources */,
				7DCBBB9025948520007D8AD9 /* Embed Frameworks */,
			);
			buildRules = (
			);
			dependencies = (
			);
			name = PersonModule;
			productName = PersonModule;
			productReference = 7DCBBA6B25947E27007D8AD9 /* PersonModule.framework */;
			productType = "com.apple.product-type.framework";
		};
/* End PBXNativeTarget section */

/* Begin PBXProject section */
		7D3F13C12473C42E000E6845 /* Project object */ = {
			isa = PBXProject;
			attributes = {
				LastSwiftUpdateCheck = 1140;
				LastUpgradeCheck = 1140;
				ORGANIZATIONNAME = "永平";
				TargetAttributes = {
					7D3F13C82473C42E000E6845 = {
						CreatedOnToolsVersion = 11.4.1;
					};
					7DCBB9D6259440BA007D8AD9 = {
						CreatedOnToolsVersion = 12.0;
					};
					7DCBBA6A25947E27007D8AD9 = {
						CreatedOnToolsVersion = 12.0;
					};
				};
			};
			buildConfigurationList = 7D3F13C42473C42E000E6845 /* Build configuration list for PBXProject "swift-study" */;
			compatibilityVersion = "Xcode 9.3";
			developmentRegion = en;
			hasScannedForEncodings = 0;
			knownRegions = (
				en,
				Base,
			);
			mainGroup = 7D3F13C02473C42E000E6845;
			productRefGroup = 7D3F13CA2473C42E000E6845 /* Products */;
			projectDirPath = "";
			projectRoot = "";
			targets = (
				7D3F13C82473C42E000E6845 /* swift-study */,
				7DCBB9D6259440BA007D8AD9 /* OrderModule */,
				7DCBBA6A25947E27007D8AD9 /* PersonModule */,
			);
		};
/* End PBXProject section */

/* Begin PBXResourcesBuildPhase section */
		7D3F13C72473C42E000E6845 /* Resources */ = {
			isa = PBXResourcesBuildPhase;
			buildActionMask = 2147483647;
			files = (
				7D01FFD324B807E500C3A6FC /* ExampleRxSwiftVC.storyboard in Resources */,
				7DA1A1B224D2C40D00106D4B /* PopverViewController.storyboard in Resources */,
				7D3F13D92473C42F000E6845 /* LaunchScreen.storyboard in Resources */,
				7DA1A25924D3E2BA00106D4B /* PopverContentView.xib in Resources */,
				7D01022825B7C6A600A2D359 /* jcs_runtime_classes.plist in Resources */,
				7D3F13D62473C42F000E6845 /* Assets.xcassets in Resources */,
				7DAE3D8024E39F2600C64245 /* Media.xcassets in Resources */,
				7DD7FE6B24B4583300B9B43B /* ExampleStackViewVC.storyboard in Resources */,
				7D3F13D42473C42E000E6845 /* Main.storyboard in Resources */,
				7DE115C12583140900609CE7 /* CountDownTimerExampleVC.storyboard in Resources */,
				7DD7FE9A24B45DF800B9B43B /* IBDesignableKitVC.storyboard in Resources */,
				7DF397EB24DA5B87003E88F5 /* HJGiftPopDemoViewController.storyboard in Resources */,
				7DA1A10724D2BC3B00106D4B /* RichTextViewController.storyboard in Resources */,
			);
			runOnlyForDeploymentPostprocessing = 0;
		};
		7DCBB9D5259440BA007D8AD9 /* Resources */ = {
			isa = PBXResourcesBuildPhase;
			buildActionMask = 2147483647;
			files = (
			);
			runOnlyForDeploymentPostprocessing = 0;
		};
		7DCBBA6925947E27007D8AD9 /* Resources */ = {
			isa = PBXResourcesBuildPhase;
			buildActionMask = 2147483647;
			files = (
			);
			runOnlyForDeploymentPostprocessing = 0;
		};
/* End PBXResourcesBuildPhase section */

/* Begin PBXShellScriptBuildPhase section */
		00486AC0F85ADFE53E842B26 /* [CP] Embed Pods Frameworks */ = {
			isa = PBXShellScriptBuildPhase;
			buildActionMask = 2147483647;
			files = (
			);
			inputFileListPaths = (
				"${PODS_ROOT}/Target Support Files/Pods-swift-study/Pods-swift-study-frameworks-${CONFIGURATION}-input-files.xcfilelist",
			);
			name = "[CP] Embed Pods Frameworks";
			outputFileListPaths = (
				"${PODS_ROOT}/Target Support Files/Pods-swift-study/Pods-swift-study-frameworks-${CONFIGURATION}-output-files.xcfilelist",
			);
			runOnlyForDeploymentPostprocessing = 0;
			shellPath = /bin/sh;
			shellScript = "\"${PODS_ROOT}/Target Support Files/Pods-swift-study/Pods-swift-study-frameworks.sh\"\n";
			showEnvVarsInLog = 0;
		};
		170B073353DBAE91C6CF4D76 /* [CP] Check Pods Manifest.lock */ = {
			isa = PBXShellScriptBuildPhase;
			buildActionMask = 2147483647;
			files = (
			);
			inputFileListPaths = (
			);
			inputPaths = (
				"${PODS_PODFILE_DIR_PATH}/Podfile.lock",
				"${PODS_ROOT}/Manifest.lock",
			);
			name = "[CP] Check Pods Manifest.lock";
			outputFileListPaths = (
			);
			outputPaths = (
				"$(DERIVED_FILE_DIR)/Pods-swift-study-OrderModule-checkManifestLockResult.txt",
			);
			runOnlyForDeploymentPostprocessing = 0;
			shellPath = /bin/sh;
			shellScript = "diff \"${PODS_PODFILE_DIR_PATH}/Podfile.lock\" \"${PODS_ROOT}/Manifest.lock\" > /dev/null\nif [ $? != 0 ] ; then\n    # print error to STDERR\n    echo \"error: The sandbox is not in sync with the Podfile.lock. Run 'pod install' or update your CocoaPods installation.\" >&2\n    exit 1\nfi\n# This output is used by Xcode 'outputs' to avoid re-running this script phase.\necho \"SUCCESS\" > \"${SCRIPT_OUTPUT_FILE_0}\"\n";
			showEnvVarsInLog = 0;
		};
		2110497F1F6E941D3D509BEE /* [CP] Check Pods Manifest.lock */ = {
			isa = PBXShellScriptBuildPhase;
			buildActionMask = 2147483647;
			files = (
			);
			inputFileListPaths = (
			);
			inputPaths = (
				"${PODS_PODFILE_DIR_PATH}/Podfile.lock",
				"${PODS_ROOT}/Manifest.lock",
			);
			name = "[CP] Check Pods Manifest.lock";
			outputFileListPaths = (
			);
			outputPaths = (
				"$(DERIVED_FILE_DIR)/Pods-swift-study-checkManifestLockResult.txt",
			);
			runOnlyForDeploymentPostprocessing = 0;
			shellPath = /bin/sh;
			shellScript = "diff \"${PODS_PODFILE_DIR_PATH}/Podfile.lock\" \"${PODS_ROOT}/Manifest.lock\" > /dev/null\nif [ $? != 0 ] ; then\n    # print error to STDERR\n    echo \"error: The sandbox is not in sync with the Podfile.lock. Run 'pod install' or update your CocoaPods installation.\" >&2\n    exit 1\nfi\n# This output is used by Xcode 'outputs' to avoid re-running this script phase.\necho \"SUCCESS\" > \"${SCRIPT_OUTPUT_FILE_0}\"\n";
			showEnvVarsInLog = 0;
		};
		78A9EDB28E90AF685783A214 /* [CP] Check Pods Manifest.lock */ = {
			isa = PBXShellScriptBuildPhase;
			buildActionMask = 2147483647;
			files = (
			);
			inputFileListPaths = (
			);
			inputPaths = (
				"${PODS_PODFILE_DIR_PATH}/Podfile.lock",
				"${PODS_ROOT}/Manifest.lock",
			);
			name = "[CP] Check Pods Manifest.lock";
			outputFileListPaths = (
			);
			outputPaths = (
				"$(DERIVED_FILE_DIR)/Pods-swift-study-PersonModule-checkManifestLockResult.txt",
			);
			runOnlyForDeploymentPostprocessing = 0;
			shellPath = /bin/sh;
			shellScript = "diff \"${PODS_PODFILE_DIR_PATH}/Podfile.lock\" \"${PODS_ROOT}/Manifest.lock\" > /dev/null\nif [ $? != 0 ] ; then\n    # print error to STDERR\n    echo \"error: The sandbox is not in sync with the Podfile.lock. Run 'pod install' or update your CocoaPods installation.\" >&2\n    exit 1\nfi\n# This output is used by Xcode 'outputs' to avoid re-running this script phase.\necho \"SUCCESS\" > \"${SCRIPT_OUTPUT_FILE_0}\"\n";
			showEnvVarsInLog = 0;
		};
/* End PBXShellScriptBuildPhase section */

/* Begin PBXSourcesBuildPhase section */
		7D3F13C52473C42E000E6845 /* Sources */ = {
			isa = PBXSourcesBuildPhase;
			buildActionMask = 2147483647;
			files = (
				7DA1A25724D3E2B000106D4B /* PopverContentView.swift in Sources */,
				7D522349247BA81900B06978 /* DemoItem.swift in Sources */,
				7D5221F52477DF1500B06978 /* IGDemoCell1.swift in Sources */,
				7DF277DE2492154D00A1F7AA /* CounterViewReactor.swift in Sources */,
				7DD7FE5F24B2FDF600B9B43B /* ViewController.swift in Sources */,
				7DC57B322579DBA6000F0CDA /* HJGiftPopTrackBehaviorOne.swift in Sources */,
				7DA1A1B024D2C3F300106D4B /* PopverViewController.swift in Sources */,
				7DC57B362579DC09000F0CDA /* HJGiftPopViewModel.swift in Sources */,
				7DE167222554EDDF00DB7FE3 /* DemoTouchTroughVC.swift in Sources */,
				7D3F13CD2473C42E000E6845 /* AppDelegate.swift in Sources */,
				7DB387582591CF9C00E7058A /* GlobalImport.swift in Sources */,
				7DB387F7259201B600E7058A /* ExampleRouter.swift in Sources */,
				7DE115BD2583140100609CE7 /* CountDownTimerExampleVC.swift in Sources */,
				7DF3974324DA55AB003E88F5 /* DemoChildViewController.swift in Sources */,
				7DC0B3882579E5AD00BE5165 /* HJGiftPopTrackBehavior.swift in Sources */,
				7DF277DC2492108400A1F7AA /* DemoReactorVC.swift in Sources */,
				7DF397E924DA5B7C003E88F5 /* HJGiftPopDemoViewController.swift in Sources */,
				7DCBBB92259486AA007D8AD9 /* __AppSetup.swift in Sources */,
				7DCBBABD25947FD1007D8AD9 /* AnimationVO.swift in Sources */,
				7DA1A10524D2BC2500106D4B /* RichTextViewController.swift in Sources */,
				7DD7FE6224B3000A00B9B43B /* ExampleStackViewVC.swift in Sources */,
				7DD7FE6724B4420D00B9B43B /* ExampleListCell.swift in Sources */,
				7D1624032480A90F00987234 /* LSActivityExplodeView.swift in Sources */,
				7DD7FE6524B3006100B9B43B /* ExampleRxSwiftVC.swift in Sources */,
				7DB387862591D46900E7058A /* TinyConsoleDemoVC.swift in Sources */,
				7DAE3CDB24E26EB900C64245 /* ModalDemoViewController.swift in Sources */,
				7DD7FE9824B45DD400B9B43B /* IBDesignableKitVC.swift in Sources */,
				7DCBBAC225948013007D8AD9 /* MainAttachmentDecoder.swift in Sources */,
				7DCBB8AE25933C8C007D8AD9 /* ExampleViewModel.swift in Sources */,
				7DC0B38B2579EB6A00BE5165 /* HJGiftPopTrackBehaviorTwo.swift in Sources */,
				7D5221F12477DD9B00B06978 /* IGDemoVC.swift in Sources */,
				7DCBB94E25943AA7007D8AD9 /* IMDemoVC.swift in Sources */,
				7D01022625B7C52C00A2D359 /* JCSDemoVC.swift in Sources */,
				7D5221F32477DEB000B06978 /* IGDemoSectionOne.swift in Sources */,
				7D3F148D2474C2DC000E6845 /* DemoMoya.swift in Sources */,
			);
			runOnlyForDeploymentPostprocessing = 0;
		};
		7DCBB9D3259440BA007D8AD9 /* Sources */ = {
			isa = PBXSourcesBuildPhase;
			buildActionMask = 2147483647;
			files = (
				7DCBBA4D25944183007D8AD9 /* OrderVC.swift in Sources */,
				7DCBBA6525947D30007D8AD9 /* OrderAttachmentDecoder.swift in Sources */,
				7DCBBA6125947C82007D8AD9 /* GlobalImport.swift in Sources */,
				7DCBBA5F25947C63007D8AD9 /* OrderVO.swift in Sources */,
				7DCBBA4E25944183007D8AD9 /* OrderRouter.swift in Sources */,
			);
			runOnlyForDeploymentPostprocessing = 0;
		};
		7DCBBA6725947E27007D8AD9 /* Sources */ = {
			isa = PBXSourcesBuildPhase;
			buildActionMask = 2147483647;
			files = (
				7DCBBA8125947EC2007D8AD9 /* PersonRouter.swift in Sources */,
				7DCBBA8425947EE2007D8AD9 /* GlobalImport.swift in Sources */,
				7DCBBA7E25947EA0007D8AD9 /* PersonAttachmentDecoder.swift in Sources */,
				7DCBBA7D25947EA0007D8AD9 /* PersonVO.swift in Sources */,
				7DCBBABA25947F71007D8AD9 /* PersonVC.swift in Sources */,
			);
			runOnlyForDeploymentPostprocessing = 0;
		};
/* End PBXSourcesBuildPhase section */

/* Begin PBXTargetDependency section */
		7DCBB9DD259440BA007D8AD9 /* PBXTargetDependency */ = {
			isa = PBXTargetDependency;
			target = 7DCBB9D6259440BA007D8AD9 /* OrderModule */;
			targetProxy = 7DCBB9DC259440BA007D8AD9 /* PBXContainerItemProxy */;
		};
		7DCBBA7125947E27007D8AD9 /* PBXTargetDependency */ = {
			isa = PBXTargetDependency;
			target = 7DCBBA6A25947E27007D8AD9 /* PersonModule */;
			targetProxy = 7DCBBA7025947E27007D8AD9 /* PBXContainerItemProxy */;
		};
/* End PBXTargetDependency section */

/* Begin PBXVariantGroup section */
		7D3F13D22473C42E000E6845 /* Main.storyboard */ = {
			isa = PBXVariantGroup;
			children = (
				7D3F13D32473C42E000E6845 /* Base */,
			);
			name = Main.storyboard;
			sourceTree = "<group>";
		};
		7D3F13D72473C42F000E6845 /* LaunchScreen.storyboard */ = {
			isa = PBXVariantGroup;
			children = (
				7D3F13D82473C42F000E6845 /* Base */,
			);
			name = LaunchScreen.storyboard;
			sourceTree = "<group>";
		};
/* End PBXVariantGroup section */

/* Begin XCBuildConfiguration section */
		7D3F13DB2473C42F000E6845 /* Debug */ = {
			isa = XCBuildConfiguration;
			buildSettings = {
				ALWAYS_SEARCH_USER_PATHS = NO;
				CLANG_ANALYZER_NONNULL = YES;
				CLANG_ANALYZER_NUMBER_OBJECT_CONVERSION = YES_AGGRESSIVE;
				CLANG_CXX_LANGUAGE_STANDARD = "gnu++14";
				CLANG_CXX_LIBRARY = "libc++";
				CLANG_ENABLE_MODULES = YES;
				CLANG_ENABLE_OBJC_ARC = YES;
				CLANG_ENABLE_OBJC_WEAK = YES;
				CLANG_WARN_BLOCK_CAPTURE_AUTORELEASING = YES;
				CLANG_WARN_BOOL_CONVERSION = YES;
				CLANG_WARN_COMMA = YES;
				CLANG_WARN_CONSTANT_CONVERSION = YES;
				CLANG_WARN_DEPRECATED_OBJC_IMPLEMENTATIONS = YES;
				CLANG_WARN_DIRECT_OBJC_ISA_USAGE = YES_ERROR;
				CLANG_WARN_DOCUMENTATION_COMMENTS = YES;
				CLANG_WARN_EMPTY_BODY = YES;
				CLANG_WARN_ENUM_CONVERSION = YES;
				CLANG_WARN_INFINITE_RECURSION = YES;
				CLANG_WARN_INT_CONVERSION = YES;
				CLANG_WARN_NON_LITERAL_NULL_CONVERSION = YES;
				CLANG_WARN_OBJC_IMPLICIT_RETAIN_SELF = YES;
				CLANG_WARN_OBJC_LITERAL_CONVERSION = YES;
				CLANG_WARN_OBJC_ROOT_CLASS = YES_ERROR;
				CLANG_WARN_RANGE_LOOP_ANALYSIS = YES;
				CLANG_WARN_STRICT_PROTOTYPES = YES;
				CLANG_WARN_SUSPICIOUS_MOVE = YES;
				CLANG_WARN_UNGUARDED_AVAILABILITY = YES_AGGRESSIVE;
				CLANG_WARN_UNREACHABLE_CODE = YES;
				CLANG_WARN__DUPLICATE_METHOD_MATCH = YES;
				COPY_PHASE_STRIP = NO;
				DEBUG_INFORMATION_FORMAT = dwarf;
				ENABLE_STRICT_OBJC_MSGSEND = YES;
				ENABLE_TESTABILITY = YES;
				GCC_C_LANGUAGE_STANDARD = gnu11;
				GCC_DYNAMIC_NO_PIC = NO;
				GCC_NO_COMMON_BLOCKS = YES;
				GCC_OPTIMIZATION_LEVEL = 0;
				GCC_PREPROCESSOR_DEFINITIONS = (
					"DEBUG=1",
					"$(inherited)",
				);
				GCC_WARN_64_TO_32_BIT_CONVERSION = YES;
				GCC_WARN_ABOUT_RETURN_TYPE = YES_ERROR;
				GCC_WARN_UNDECLARED_SELECTOR = YES;
				GCC_WARN_UNINITIALIZED_AUTOS = YES_AGGRESSIVE;
				GCC_WARN_UNUSED_FUNCTION = YES;
				GCC_WARN_UNUSED_VARIABLE = YES;
				IPHONEOS_DEPLOYMENT_TARGET = 13.1;
				MTL_ENABLE_DEBUG_INFO = INCLUDE_SOURCE;
				MTL_FAST_MATH = YES;
				ONLY_ACTIVE_ARCH = YES;
				SDKROOT = iphoneos;
				SWIFT_ACTIVE_COMPILATION_CONDITIONS = DEBUG;
				SWIFT_OPTIMIZATION_LEVEL = "-Onone";
			};
			name = Debug;
		};
		7D3F13DC2473C42F000E6845 /* Release */ = {
			isa = XCBuildConfiguration;
			buildSettings = {
				ALWAYS_SEARCH_USER_PATHS = NO;
				CLANG_ANALYZER_NONNULL = YES;
				CLANG_ANALYZER_NUMBER_OBJECT_CONVERSION = YES_AGGRESSIVE;
				CLANG_CXX_LANGUAGE_STANDARD = "gnu++14";
				CLANG_CXX_LIBRARY = "libc++";
				CLANG_ENABLE_MODULES = YES;
				CLANG_ENABLE_OBJC_ARC = YES;
				CLANG_ENABLE_OBJC_WEAK = YES;
				CLANG_WARN_BLOCK_CAPTURE_AUTORELEASING = YES;
				CLANG_WARN_BOOL_CONVERSION = YES;
				CLANG_WARN_COMMA = YES;
				CLANG_WARN_CONSTANT_CONVERSION = YES;
				CLANG_WARN_DEPRECATED_OBJC_IMPLEMENTATIONS = YES;
				CLANG_WARN_DIRECT_OBJC_ISA_USAGE = YES_ERROR;
				CLANG_WARN_DOCUMENTATION_COMMENTS = YES;
				CLANG_WARN_EMPTY_BODY = YES;
				CLANG_WARN_ENUM_CONVERSION = YES;
				CLANG_WARN_INFINITE_RECURSION = YES;
				CLANG_WARN_INT_CONVERSION = YES;
				CLANG_WARN_NON_LITERAL_NULL_CONVERSION = YES;
				CLANG_WARN_OBJC_IMPLICIT_RETAIN_SELF = YES;
				CLANG_WARN_OBJC_LITERAL_CONVERSION = YES;
				CLANG_WARN_OBJC_ROOT_CLASS = YES_ERROR;
				CLANG_WARN_RANGE_LOOP_ANALYSIS = YES;
				CLANG_WARN_STRICT_PROTOTYPES = YES;
				CLANG_WARN_SUSPICIOUS_MOVE = YES;
				CLANG_WARN_UNGUARDED_AVAILABILITY = YES_AGGRESSIVE;
				CLANG_WARN_UNREACHABLE_CODE = YES;
				CLANG_WARN__DUPLICATE_METHOD_MATCH = YES;
				COPY_PHASE_STRIP = NO;
				DEBUG_INFORMATION_FORMAT = "dwarf-with-dsym";
				ENABLE_NS_ASSERTIONS = NO;
				ENABLE_STRICT_OBJC_MSGSEND = YES;
				GCC_C_LANGUAGE_STANDARD = gnu11;
				GCC_NO_COMMON_BLOCKS = YES;
				GCC_WARN_64_TO_32_BIT_CONVERSION = YES;
				GCC_WARN_ABOUT_RETURN_TYPE = YES_ERROR;
				GCC_WARN_UNDECLARED_SELECTOR = YES;
				GCC_WARN_UNINITIALIZED_AUTOS = YES_AGGRESSIVE;
				GCC_WARN_UNUSED_FUNCTION = YES;
				GCC_WARN_UNUSED_VARIABLE = YES;
				IPHONEOS_DEPLOYMENT_TARGET = 13.1;
				MTL_ENABLE_DEBUG_INFO = NO;
				MTL_FAST_MATH = YES;
				SDKROOT = iphoneos;
				SWIFT_COMPILATION_MODE = wholemodule;
				SWIFT_OPTIMIZATION_LEVEL = "-O";
				VALIDATE_PRODUCT = YES;
			};
			name = Release;
		};
		7D3F13DE2473C42F000E6845 /* Debug */ = {
			isa = XCBuildConfiguration;
			baseConfigurationReference = B798FA5143569CB7B1F8539D /* Pods-swift-study.debug.xcconfig */;
			buildSettings = {
				ALWAYS_EMBED_SWIFT_STANDARD_LIBRARIES = YES;
				ASSETCATALOG_COMPILER_APPICON_NAME = AppIcon;
				CODE_SIGN_IDENTITY = "iPhone Developer";
				CODE_SIGN_STYLE = Manual;
				DEVELOPMENT_TEAM = SKB334AM79;
				INFOPLIST_FILE = "swift-study/Info.plist";
				LD_RUNPATH_SEARCH_PATHS = (
					"$(inherited)",
					"@executable_path/Frameworks",
				);
				PRODUCT_BUNDLE_IDENTIFIER = com.yn.huayou;
				PRODUCT_NAME = "$(TARGET_NAME)";
				PROVISIONING_PROFILE_SPECIFIER = "match Development com.*";
				SWIFT_VERSION = 5.0;
				TARGETED_DEVICE_FAMILY = "1,2";
			};
			name = Debug;
		};
		7D3F13DF2473C42F000E6845 /* Release */ = {
			isa = XCBuildConfiguration;
			baseConfigurationReference = C34AFB96CEB9CBFAABF4D658 /* Pods-swift-study.release.xcconfig */;
			buildSettings = {
				ALWAYS_EMBED_SWIFT_STANDARD_LIBRARIES = YES;
				ASSETCATALOG_COMPILER_APPICON_NAME = AppIcon;
				CODE_SIGN_STYLE = Automatic;
				DEVELOPMENT_TEAM = KY35RCZJHT;
				INFOPLIST_FILE = "swift-study/Info.plist";
				LD_RUNPATH_SEARCH_PATHS = (
					"$(inherited)",
					"@executable_path/Frameworks",
				);
				PRODUCT_BUNDLE_IDENTIFIER = com.mijin.app.test.qq;
				PRODUCT_NAME = "$(TARGET_NAME)";
				SWIFT_VERSION = 5.0;
				TARGETED_DEVICE_FAMILY = "1,2";
			};
			name = Release;
		};
		7DCBB9E1259440BA007D8AD9 /* Debug */ = {
			isa = XCBuildConfiguration;
			baseConfigurationReference = F896294D3132D002C7CEDC98 /* Pods-swift-study-OrderModule.debug.xcconfig */;
			buildSettings = {
				CLANG_WARN_QUOTED_INCLUDE_IN_FRAMEWORK_HEADER = YES;
				CODE_SIGN_IDENTITY = "iPhone Developer";
				CODE_SIGN_STYLE = Automatic;
				CURRENT_PROJECT_VERSION = 1;
				DEFINES_MODULE = YES;
				DEVELOPMENT_TEAM = SKB334AM79;
				DYLIB_COMPATIBILITY_VERSION = 1;
				DYLIB_CURRENT_VERSION = 1;
				DYLIB_INSTALL_NAME_BASE = "@rpath";
				INFOPLIST_FILE = OrderModule/Info.plist;
				INSTALL_PATH = "$(LOCAL_LIBRARY_DIR)/Frameworks";
				IPHONEOS_DEPLOYMENT_TARGET = 10.0;
				LD_RUNPATH_SEARCH_PATHS = (
					"$(inherited)",
					"@executable_path/Frameworks",
					"@loader_path/Frameworks",
				);
				PRODUCT_BUNDLE_IDENTIFIER = com.uvdog.OrderModule;
				PRODUCT_NAME = "$(TARGET_NAME:c99extidentifier)";
				SKIP_INSTALL = YES;
				SWIFT_VERSION = 5.0;
				TARGETED_DEVICE_FAMILY = "1,2";
				VERSIONING_SYSTEM = "apple-generic";
				VERSION_INFO_PREFIX = "";
			};
			name = Debug;
		};
		7DCBB9E2259440BA007D8AD9 /* Release */ = {
			isa = XCBuildConfiguration;
			baseConfigurationReference = 73A0D2E8FDA7DFF942D4EE8A /* Pods-swift-study-OrderModule.release.xcconfig */;
			buildSettings = {
				CLANG_WARN_QUOTED_INCLUDE_IN_FRAMEWORK_HEADER = YES;
				CODE_SIGN_STYLE = Automatic;
				CURRENT_PROJECT_VERSION = 1;
				DEFINES_MODULE = YES;
				DEVELOPMENT_TEAM = KY35RCZJHT;
				DYLIB_COMPATIBILITY_VERSION = 1;
				DYLIB_CURRENT_VERSION = 1;
				DYLIB_INSTALL_NAME_BASE = "@rpath";
				INFOPLIST_FILE = OrderModule/Info.plist;
				INSTALL_PATH = "$(LOCAL_LIBRARY_DIR)/Frameworks";
				IPHONEOS_DEPLOYMENT_TARGET = 10.0;
				LD_RUNPATH_SEARCH_PATHS = (
					"$(inherited)",
					"@executable_path/Frameworks",
					"@loader_path/Frameworks",
				);
				PRODUCT_BUNDLE_IDENTIFIER = com.uvdog.OrderModule;
				PRODUCT_NAME = "$(TARGET_NAME:c99extidentifier)";
				SKIP_INSTALL = YES;
				SWIFT_VERSION = 5.0;
				TARGETED_DEVICE_FAMILY = "1,2";
				VERSIONING_SYSTEM = "apple-generic";
				VERSION_INFO_PREFIX = "";
			};
			name = Release;
		};
		7DCBBA7525947E27007D8AD9 /* Debug */ = {
			isa = XCBuildConfiguration;
			baseConfigurationReference = 1C38A148C02555E13B77275F /* Pods-swift-study-PersonModule.debug.xcconfig */;
			buildSettings = {
				CLANG_WARN_QUOTED_INCLUDE_IN_FRAMEWORK_HEADER = YES;
				CODE_SIGN_IDENTITY = "iPhone Developer";
				CODE_SIGN_STYLE = Automatic;
				CURRENT_PROJECT_VERSION = 1;
				DEFINES_MODULE = YES;
				DEVELOPMENT_TEAM = SKB334AM79;
				DYLIB_COMPATIBILITY_VERSION = 1;
				DYLIB_CURRENT_VERSION = 1;
				DYLIB_INSTALL_NAME_BASE = "@rpath";
				INFOPLIST_FILE = PersonModule/Info.plist;
				INSTALL_PATH = "$(LOCAL_LIBRARY_DIR)/Frameworks";
				IPHONEOS_DEPLOYMENT_TARGET = 10.0;
				LD_RUNPATH_SEARCH_PATHS = (
					"$(inherited)",
					"@executable_path/Frameworks",
					"@loader_path/Frameworks",
				);
				PRODUCT_BUNDLE_IDENTIFIER = com.uvdog.PersonModule;
				PRODUCT_NAME = "$(TARGET_NAME:c99extidentifier)";
				SKIP_INSTALL = YES;
				SWIFT_VERSION = 5.0;
				TARGETED_DEVICE_FAMILY = "1,2";
				VERSIONING_SYSTEM = "apple-generic";
				VERSION_INFO_PREFIX = "";
			};
			name = Debug;
		};
		7DCBBA7625947E27007D8AD9 /* Release */ = {
			isa = XCBuildConfiguration;
			baseConfigurationReference = 6C34BFB704F91A4A870DD27F /* Pods-swift-study-PersonModule.release.xcconfig */;
			buildSettings = {
				CLANG_WARN_QUOTED_INCLUDE_IN_FRAMEWORK_HEADER = YES;
				CODE_SIGN_STYLE = Automatic;
				CURRENT_PROJECT_VERSION = 1;
				DEFINES_MODULE = YES;
				DEVELOPMENT_TEAM = KY35RCZJHT;
				DYLIB_COMPATIBILITY_VERSION = 1;
				DYLIB_CURRENT_VERSION = 1;
				DYLIB_INSTALL_NAME_BASE = "@rpath";
				INFOPLIST_FILE = PersonModule/Info.plist;
				INSTALL_PATH = "$(LOCAL_LIBRARY_DIR)/Frameworks";
				IPHONEOS_DEPLOYMENT_TARGET = 10.0;
				LD_RUNPATH_SEARCH_PATHS = (
					"$(inherited)",
					"@executable_path/Frameworks",
					"@loader_path/Frameworks",
				);
				PRODUCT_BUNDLE_IDENTIFIER = com.uvdog.PersonModule;
				PRODUCT_NAME = "$(TARGET_NAME:c99extidentifier)";
				SKIP_INSTALL = YES;
				SWIFT_VERSION = 5.0;
				TARGETED_DEVICE_FAMILY = "1,2";
				VERSIONING_SYSTEM = "apple-generic";
				VERSION_INFO_PREFIX = "";
			};
			name = Release;
		};
/* End XCBuildConfiguration section */

/* Begin XCConfigurationList section */
		7D3F13C42473C42E000E6845 /* Build configuration list for PBXProject "swift-study" */ = {
			isa = XCConfigurationList;
			buildConfigurations = (
				7D3F13DB2473C42F000E6845 /* Debug */,
				7D3F13DC2473C42F000E6845 /* Release */,
			);
			defaultConfigurationIsVisible = 0;
			defaultConfigurationName = Release;
		};
		7D3F13DD2473C42F000E6845 /* Build configuration list for PBXNativeTarget "swift-study" */ = {
			isa = XCConfigurationList;
			buildConfigurations = (
				7D3F13DE2473C42F000E6845 /* Debug */,
				7D3F13DF2473C42F000E6845 /* Release */,
			);
			defaultConfigurationIsVisible = 0;
			defaultConfigurationName = Release;
		};
		7DCBB9E0259440BA007D8AD9 /* Build configuration list for PBXNativeTarget "OrderModule" */ = {
			isa = XCConfigurationList;
			buildConfigurations = (
				7DCBB9E1259440BA007D8AD9 /* Debug */,
				7DCBB9E2259440BA007D8AD9 /* Release */,
			);
			defaultConfigurationIsVisible = 0;
			defaultConfigurationName = Release;
		};
		7DCBBA7425947E27007D8AD9 /* Build configuration list for PBXNativeTarget "PersonModule" */ = {
			isa = XCConfigurationList;
			buildConfigurations = (
				7DCBBA7525947E27007D8AD9 /* Debug */,
				7DCBBA7625947E27007D8AD9 /* Release */,
			);
			defaultConfigurationIsVisible = 0;
			defaultConfigurationName = Release;
		};
/* End XCConfigurationList section */
	};
	rootObject = 7D3F13C12473C42E000E6845 /* Project object */;
}
