// !$*UTF8*$!
{
	archiveVersion = 1;
	classes = {
	};
	objectVersion = 50;
	objects = {

/* Begin PBXBuildFile section */
		0A4ACC5486231594A67F156C /* Pods_AppFoundation.framework in Frameworks */ = {isa = PBXBuildFile; fileRef = D33F884A16B9FE66CFCA9C69 /* Pods_AppFoundation.framework */; };
		280836A625BBA6B000DD0389 /* JCSNavigationViewController.swift in Sources */ = {isa = PBXBuildFile; fileRef = 280836A525BBA6B000DD0389 /* JCSNavigationViewController.swift */; };
		7D01021425B6DC5600A2D359 /* UICollectionViewCell+JCS_Create.swift in Sources */ = {isa = PBXBuildFile; fileRef = 7D01021325B6DC5600A2D359 /* UICollectionViewCell+JCS_Create.swift */; };
		7D01021925B6DC7D00A2D359 /* UICollectionViewFlowLayout+JCS_Create.swift in Sources */ = {isa = PBXBuildFile; fileRef = 7D01021825B6DC7D00A2D359 /* UICollectionViewFlowLayout+JCS_Create.swift */; };
		7D01021C25B6DC9900A2D359 /* UICollectionReusableView+JCS_Create.swift in Sources */ = {isa = PBXBuildFile; fileRef = 7D01021B25B6DC9900A2D359 /* UICollectionReusableView+JCS_Create.swift */; };
		7D01021F25B6DCBC00A2D359 /* UICollectionView+JCS_Create.swift in Sources */ = {isa = PBXBuildFile; fileRef = 7D01021E25B6DCBC00A2D359 /* UICollectionView+JCS_Create.swift */; };
		7D01022B25B7C96F00A2D359 /* JCSRuntime.swift in Sources */ = {isa = PBXBuildFile; fileRef = 7D01022A25B7C96F00A2D359 /* JCSRuntime.swift */; };
		7D2FC46D25BFC93000CD700D /* UIAlertController+JCS_Create.swift in Sources */ = {isa = PBXBuildFile; fileRef = 7D2FC46825BFC93000CD700D /* UIAlertController+JCS_Create.swift */; };
		7D4E4644258B374900C776DD /* AppFoundation.h in Headers */ = {isa = PBXBuildFile; fileRef = 7D4E4642258B374900C776DD /* AppFoundation.h */; settings = {ATTRIBUTES = (Public, ); }; };
		7D4E46E7258B3D4100C776DD /* Media1.xcassets in Resources */ = {isa = PBXBuildFile; fileRef = 7D4E46E6258B3D4100C776DD /* Media1.xcassets */; };
		7D4E472D258B51D500C776DD /* UIViewControllerFromStoryboard.swift in Sources */ = {isa = PBXBuildFile; fileRef = 7D4E472B258B51D500C776DD /* UIViewControllerFromStoryboard.swift */; };
		7D4E472E258B51D500C776DD /* UIViewFromNib.swift in Sources */ = {isa = PBXBuildFile; fileRef = 7D4E472C258B51D500C776DD /* UIViewFromNib.swift */; };
		7D5A4A3125B6AA0600BE2A57 /* Readme.md in Resources */ = {isa = PBXBuildFile; fileRef = 7D5A4A3025B6AA0600BE2A57 /* Readme.md */; };
		7D5A4A3425B6AF5600BE2A57 /* UITableView+JCS_Create.swift in Sources */ = {isa = PBXBuildFile; fileRef = 7D5A4A3325B6AF5600BE2A57 /* UITableView+JCS_Create.swift */; };
		7D5A4A4B25B6CE7000BE2A57 /* UIScrollView+JCS_Create.swift in Sources */ = {isa = PBXBuildFile; fileRef = 7D5A4A4A25B6CE7000BE2A57 /* UIScrollView+JCS_Create.swift */; };
		7D5A4A4F25B6D30100BE2A57 /* UITextField+JCS_Create.swift in Sources */ = {isa = PBXBuildFile; fileRef = 7D5A4A4E25B6D30100BE2A57 /* UITextField+JCS_Create.swift */; };
		7D5A4A5225B6D57C00BE2A57 /* UITextView+JCS_Create.swift in Sources */ = {isa = PBXBuildFile; fileRef = 7D5A4A5125B6D57C00BE2A57 /* UITextView+JCS_Create.swift */; };
		7DB386822591CAC700E7058A /* Popover.swift in Sources */ = {isa = PBXBuildFile; fileRef = 7DB386572591CAC700E7058A /* Popover.swift */; };
		7DB386832591CAC700E7058A /* IBColumnFlowLayout.swift in Sources */ = {isa = PBXBuildFile; fileRef = 7DB386592591CAC700E7058A /* IBColumnFlowLayout.swift */; };
		7DB386842591CAC700E7058A /* Toucan.swift in Sources */ = {isa = PBXBuildFile; fileRef = 7DB3865A2591CAC700E7058A /* Toucan.swift */; };
		7DB386852591CAC700E7058A /* IBFirstResponderAction.swift in Sources */ = {isa = PBXBuildFile; fileRef = 7DB3865B2591CAC700E7058A /* IBFirstResponderAction.swift */; };
		7DB386862591CAC700E7058A /* ToucanExtension.swift in Sources */ = {isa = PBXBuildFile; fileRef = 7DB3865C2591CAC700E7058A /* ToucanExtension.swift */; };
		7DB386872591CAC700E7058A /* IBCircleProgressView.swift in Sources */ = {isa = PBXBuildFile; fileRef = 7DB3865D2591CAC700E7058A /* IBCircleProgressView.swift */; };
		7DB386882591CAC700E7058A /* IBLabel.swift in Sources */ = {isa = PBXBuildFile; fileRef = 7DB3865E2591CAC700E7058A /* IBLabel.swift */; };
		7DB386892591CAC700E7058A /* IBColorView.swift in Sources */ = {isa = PBXBuildFile; fileRef = 7DB3865F2591CAC700E7058A /* IBColorView.swift */; };
		7DB3868A2591CAC700E7058A /* IBGradientView.swift in Sources */ = {isa = PBXBuildFile; fileRef = 7DB386602591CAC700E7058A /* IBGradientView.swift */; };
		7DB3868B2591CAC700E7058A /* IBTextView.swift in Sources */ = {isa = PBXBuildFile; fileRef = 7DB386612591CAC700E7058A /* IBTextView.swift */; };
		7DB3868C2591CAC700E7058A /* IBTextField.swift in Sources */ = {isa = PBXBuildFile; fileRef = 7DB386622591CAC700E7058A /* IBTextField.swift */; };
		7DB3868D2591CAC700E7058A /* IBButton.swift in Sources */ = {isa = PBXBuildFile; fileRef = 7DB386632591CAC700E7058A /* IBButton.swift */; };
		7DB3868E2591CAC700E7058A /* ColorHex.swift in Sources */ = {isa = PBXBuildFile; fileRef = 7DB386642591CAC700E7058A /* ColorHex.swift */; };
		7DB3868F2591CAC700E7058A /* IBImageView.swift in Sources */ = {isa = PBXBuildFile; fileRef = 7DB386652591CAC700E7058A /* IBImageView.swift */; };
		7DB386902591CAC700E7058A /* IBProgressView.swift in Sources */ = {isa = PBXBuildFile; fileRef = 7DB386662591CAC700E7058A /* IBProgressView.swift */; };
		7DB386912591CAC700E7058A /* IBCornerRadiusMasksView.swift in Sources */ = {isa = PBXBuildFile; fileRef = 7DB386672591CAC700E7058A /* IBCornerRadiusMasksView.swift */; };
		7DB386922591CAC700E7058A /* JCSOperators.swift in Sources */ = {isa = PBXBuildFile; fileRef = 7DB3866A2591CAC700E7058A /* JCSOperators.swift */; };
		7DB386932591CAC700E7058A /* UILabel+JCS_Create.swift in Sources */ = {isa = PBXBuildFile; fileRef = 7DB3866C2591CAC700E7058A /* UILabel+JCS_Create.swift */; };
		7DB386942591CAC700E7058A /* UIStackView+JCS_Create.swift in Sources */ = {isa = PBXBuildFile; fileRef = 7DB3866D2591CAC700E7058A /* UIStackView+JCS_Create.swift */; };
		7DB386952591CAC700E7058A /* UIControl+JCS_Create.swift in Sources */ = {isa = PBXBuildFile; fileRef = 7DB3866E2591CAC700E7058A /* UIControl+JCS_Create.swift */; };
		7DB386962591CAC700E7058A /* UIImageVIew+JCS_Create.swift in Sources */ = {isa = PBXBuildFile; fileRef = 7DB3866F2591CAC700E7058A /* UIImageVIew+JCS_Create.swift */; };
		7DB386972591CAC700E7058A /* UIButton+JCS_Create.swift in Sources */ = {isa = PBXBuildFile; fileRef = 7DB386702591CAC700E7058A /* UIButton+JCS_Create.swift */; };
		7DB386982591CAC700E7058A /* UIVIew+JCS_Create.swift in Sources */ = {isa = PBXBuildFile; fileRef = 7DB386712591CAC700E7058A /* UIVIew+JCS_Create.swift */; };
		7DB386992591CAC700E7058A /* JCS_BaseVC.swift in Sources */ = {isa = PBXBuildFile; fileRef = 7DB386732591CAC700E7058A /* JCS_BaseVC.swift */; };
		7DB3869A2591CAC700E7058A /* UIColor+Similarity.swift in Sources */ = {isa = PBXBuildFile; fileRef = 7DB386752591CAC700E7058A /* UIColor+Similarity.swift */; };
		7DB3869B2591CAC700E7058A /* UIView+Extension.swift in Sources */ = {isa = PBXBuildFile; fileRef = 7DB386762591CAC700E7058A /* UIView+Extension.swift */; };
		7DB3869C2591CAC700E7058A /* UIColor+JCS_Extension.swift in Sources */ = {isa = PBXBuildFile; fileRef = 7DB386772591CAC700E7058A /* UIColor+JCS_Extension.swift */; };
		7DB3869D2591CAC700E7058A /* ContainerTouchTroughView.swift in Sources */ = {isa = PBXBuildFile; fileRef = 7DB386792591CAC700E7058A /* ContainerTouchTroughView.swift */; };
		7DB386A22591CAC700E7058A /* DelayClosure.swift in Sources */ = {isa = PBXBuildFile; fileRef = 7DB386812591CAC700E7058A /* DelayClosure.swift */; };
		7DB386AA2591CAD200E7058A /* TimerScheduler.swift in Sources */ = {isa = PBXBuildFile; fileRef = 7DB386A42591CAD100E7058A /* TimerScheduler.swift */; };
		7DB386AB2591CAD200E7058A /* ImageGradient.swift in Sources */ = {isa = PBXBuildFile; fileRef = 7DB386A52591CAD100E7058A /* ImageGradient.swift */; };
		7DB386AC2591CAD200E7058A /* ImageWithColor.swift in Sources */ = {isa = PBXBuildFile; fileRef = 7DB386A62591CAD100E7058A /* ImageWithColor.swift */; };
		7DB386AD2591CAD200E7058A /* AutoDisposable.swift in Sources */ = {isa = PBXBuildFile; fileRef = 7DB386A72591CAD100E7058A /* AutoDisposable.swift */; };
		7DB386AE2591CAD200E7058A /* TimerCountDownExt.swift in Sources */ = {isa = PBXBuildFile; fileRef = 7DB386A82591CAD200E7058A /* TimerCountDownExt.swift */; };
		7DB386AF2591CAD200E7058A /* DateExtension.swift in Sources */ = {isa = PBXBuildFile; fileRef = 7DB386A92591CAD200E7058A /* DateExtension.swift */; };
		7DB386B32591CAF600E7058A /* UIViewControllerFromStoryboardWithArgs.swift in Sources */ = {isa = PBXBuildFile; fileRef = 7DB386B22591CAF600E7058A /* UIViewControllerFromStoryboardWithArgs.swift */; };
		7DB3874F2591CE2700E7058A /* StringExtension.swift in Sources */ = {isa = PBXBuildFile; fileRef = 7DB3874E2591CE2700E7058A /* StringExtension.swift */; };
		7DB387E32591EC1A00E7058A /* JCRouter.swift in Sources */ = {isa = PBXBuildFile; fileRef = 7DB387E22591EC1A00E7058A /* JCRouter.swift */; };
		7DCBBA50259469A3007D8AD9 /* JSON2Dict.swift in Sources */ = {isa = PBXBuildFile; fileRef = 7DCBBA4F259469A3007D8AD9 /* JSON2Dict.swift */; };
/* End PBXBuildFile section */

/* Begin PBXFileReference section */
		280836A525BBA6B000DD0389 /* JCSNavigationViewController.swift */ = {isa = PBXFileReference; lastKnownFileType = sourcecode.swift; path = JCSNavigationViewController.swift; sourceTree = "<group>"; };
		7D01021325B6DC5600A2D359 /* UICollectionViewCell+JCS_Create.swift */ = {isa = PBXFileReference; lastKnownFileType = sourcecode.swift; path = "UICollectionViewCell+JCS_Create.swift"; sourceTree = "<group>"; };
		7D01021825B6DC7D00A2D359 /* UICollectionViewFlowLayout+JCS_Create.swift */ = {isa = PBXFileReference; lastKnownFileType = sourcecode.swift; path = "UICollectionViewFlowLayout+JCS_Create.swift"; sourceTree = "<group>"; };
		7D01021B25B6DC9900A2D359 /* UICollectionReusableView+JCS_Create.swift */ = {isa = PBXFileReference; lastKnownFileType = sourcecode.swift; path = "UICollectionReusableView+JCS_Create.swift"; sourceTree = "<group>"; };
		7D01021E25B6DCBC00A2D359 /* UICollectionView+JCS_Create.swift */ = {isa = PBXFileReference; lastKnownFileType = sourcecode.swift; path = "UICollectionView+JCS_Create.swift"; sourceTree = "<group>"; };
		7D01022A25B7C96F00A2D359 /* JCSRuntime.swift */ = {isa = PBXFileReference; lastKnownFileType = sourcecode.swift; path = JCSRuntime.swift; sourceTree = "<group>"; };
		7D2FC46825BFC93000CD700D /* UIAlertController+JCS_Create.swift */ = {isa = PBXFileReference; fileEncoding = 4; lastKnownFileType = sourcecode.swift; path = "UIAlertController+JCS_Create.swift"; sourceTree = "<group>"; };
		7D4E463F258B374900C776DD /* AppFoundation.framework */ = {isa = PBXFileReference; explicitFileType = wrapper.framework; includeInIndex = 0; path = AppFoundation.framework; sourceTree = BUILT_PRODUCTS_DIR; };
		7D4E4642258B374900C776DD /* AppFoundation.h */ = {isa = PBXFileReference; lastKnownFileType = sourcecode.c.h; path = AppFoundation.h; sourceTree = "<group>"; };
		7D4E4643258B374900C776DD /* Info.plist */ = {isa = PBXFileReference; lastKnownFileType = text.plist.xml; path = Info.plist; sourceTree = "<group>"; };
		7D4E46E6258B3D4100C776DD /* Media1.xcassets */ = {isa = PBXFileReference; lastKnownFileType = folder.assetcatalog; path = Media1.xcassets; sourceTree = "<group>"; };
		7D4E472B258B51D500C776DD /* UIViewControllerFromStoryboard.swift */ = {isa = PBXFileReference; fileEncoding = 4; lastKnownFileType = sourcecode.swift; path = UIViewControllerFromStoryboard.swift; sourceTree = "<group>"; };
		7D4E472C258B51D500C776DD /* UIViewFromNib.swift */ = {isa = PBXFileReference; fileEncoding = 4; lastKnownFileType = sourcecode.swift; path = UIViewFromNib.swift; sourceTree = "<group>"; };
		7D5A4A3025B6AA0600BE2A57 /* Readme.md */ = {isa = PBXFileReference; lastKnownFileType = net.daringfireball.markdown; path = Readme.md; sourceTree = "<group>"; };
		7D5A4A3325B6AF5600BE2A57 /* UITableView+JCS_Create.swift */ = {isa = PBXFileReference; lastKnownFileType = sourcecode.swift; path = "UITableView+JCS_Create.swift"; sourceTree = "<group>"; };
		7D5A4A4A25B6CE7000BE2A57 /* UIScrollView+JCS_Create.swift */ = {isa = PBXFileReference; lastKnownFileType = sourcecode.swift; path = "UIScrollView+JCS_Create.swift"; sourceTree = "<group>"; };
		7D5A4A4E25B6D30100BE2A57 /* UITextField+JCS_Create.swift */ = {isa = PBXFileReference; lastKnownFileType = sourcecode.swift; path = "UITextField+JCS_Create.swift"; sourceTree = "<group>"; };
		7D5A4A5125B6D57C00BE2A57 /* UITextView+JCS_Create.swift */ = {isa = PBXFileReference; lastKnownFileType = sourcecode.swift; path = "UITextView+JCS_Create.swift"; sourceTree = "<group>"; };
		7DB386572591CAC700E7058A /* Popover.swift */ = {isa = PBXFileReference; fileEncoding = 4; lastKnownFileType = sourcecode.swift; path = Popover.swift; sourceTree = "<group>"; };
		7DB386592591CAC700E7058A /* IBColumnFlowLayout.swift */ = {isa = PBXFileReference; fileEncoding = 4; lastKnownFileType = sourcecode.swift; path = IBColumnFlowLayout.swift; sourceTree = "<group>"; };
		7DB3865A2591CAC700E7058A /* Toucan.swift */ = {isa = PBXFileReference; fileEncoding = 4; lastKnownFileType = sourcecode.swift; path = Toucan.swift; sourceTree = "<group>"; };
		7DB3865B2591CAC700E7058A /* IBFirstResponderAction.swift */ = {isa = PBXFileReference; fileEncoding = 4; lastKnownFileType = sourcecode.swift; path = IBFirstResponderAction.swift; sourceTree = "<group>"; };
		7DB3865C2591CAC700E7058A /* ToucanExtension.swift */ = {isa = PBXFileReference; fileEncoding = 4; lastKnownFileType = sourcecode.swift; path = ToucanExtension.swift; sourceTree = "<group>"; };
		7DB3865D2591CAC700E7058A /* IBCircleProgressView.swift */ = {isa = PBXFileReference; fileEncoding = 4; lastKnownFileType = sourcecode.swift; path = IBCircleProgressView.swift; sourceTree = "<group>"; };
		7DB3865E2591CAC700E7058A /* IBLabel.swift */ = {isa = PBXFileReference; fileEncoding = 4; lastKnownFileType = sourcecode.swift; path = IBLabel.swift; sourceTree = "<group>"; };
		7DB3865F2591CAC700E7058A /* IBColorView.swift */ = {isa = PBXFileReference; fileEncoding = 4; lastKnownFileType = sourcecode.swift; path = IBColorView.swift; sourceTree = "<group>"; };
		7DB386602591CAC700E7058A /* IBGradientView.swift */ = {isa = PBXFileReference; fileEncoding = 4; lastKnownFileType = sourcecode.swift; path = IBGradientView.swift; sourceTree = "<group>"; };
		7DB386612591CAC700E7058A /* IBTextView.swift */ = {isa = PBXFileReference; fileEncoding = 4; lastKnownFileType = sourcecode.swift; path = IBTextView.swift; sourceTree = "<group>"; };
		7DB386622591CAC700E7058A /* IBTextField.swift */ = {isa = PBXFileReference; fileEncoding = 4; lastKnownFileType = sourcecode.swift; path = IBTextField.swift; sourceTree = "<group>"; };
		7DB386632591CAC700E7058A /* IBButton.swift */ = {isa = PBXFileReference; fileEncoding = 4; lastKnownFileType = sourcecode.swift; path = IBButton.swift; sourceTree = "<group>"; };
		7DB386642591CAC700E7058A /* ColorHex.swift */ = {isa = PBXFileReference; fileEncoding = 4; lastKnownFileType = sourcecode.swift; path = ColorHex.swift; sourceTree = "<group>"; };
		7DB386652591CAC700E7058A /* IBImageView.swift */ = {isa = PBXFileReference; fileEncoding = 4; lastKnownFileType = sourcecode.swift; path = IBImageView.swift; sourceTree = "<group>"; };
		7DB386662591CAC700E7058A /* IBProgressView.swift */ = {isa = PBXFileReference; fileEncoding = 4; lastKnownFileType = sourcecode.swift; path = IBProgressView.swift; sourceTree = "<group>"; };
		7DB386672591CAC700E7058A /* IBCornerRadiusMasksView.swift */ = {isa = PBXFileReference; fileEncoding = 4; lastKnownFileType = sourcecode.swift; path = IBCornerRadiusMasksView.swift; sourceTree = "<group>"; };
		7DB3866A2591CAC700E7058A /* JCSOperators.swift */ = {isa = PBXFileReference; fileEncoding = 4; lastKnownFileType = sourcecode.swift; path = JCSOperators.swift; sourceTree = "<group>"; };
		7DB3866C2591CAC700E7058A /* UILabel+JCS_Create.swift */ = {isa = PBXFileReference; fileEncoding = 4; lastKnownFileType = sourcecode.swift; path = "UILabel+JCS_Create.swift"; sourceTree = "<group>"; };
		7DB3866D2591CAC700E7058A /* UIStackView+JCS_Create.swift */ = {isa = PBXFileReference; fileEncoding = 4; lastKnownFileType = sourcecode.swift; path = "UIStackView+JCS_Create.swift"; sourceTree = "<group>"; };
		7DB3866E2591CAC700E7058A /* UIControl+JCS_Create.swift */ = {isa = PBXFileReference; fileEncoding = 4; lastKnownFileType = sourcecode.swift; path = "UIControl+JCS_Create.swift"; sourceTree = "<group>"; };
		7DB3866F2591CAC700E7058A /* UIImageVIew+JCS_Create.swift */ = {isa = PBXFileReference; fileEncoding = 4; lastKnownFileType = sourcecode.swift; path = "UIImageVIew+JCS_Create.swift"; sourceTree = "<group>"; };
		7DB386702591CAC700E7058A /* UIButton+JCS_Create.swift */ = {isa = PBXFileReference; fileEncoding = 4; lastKnownFileType = sourcecode.swift; path = "UIButton+JCS_Create.swift"; sourceTree = "<group>"; };
		7DB386712591CAC700E7058A /* UIVIew+JCS_Create.swift */ = {isa = PBXFileReference; fileEncoding = 4; lastKnownFileType = sourcecode.swift; path = "UIVIew+JCS_Create.swift"; sourceTree = "<group>"; };
		7DB386732591CAC700E7058A /* JCS_BaseVC.swift */ = {isa = PBXFileReference; fileEncoding = 4; lastKnownFileType = sourcecode.swift; path = JCS_BaseVC.swift; sourceTree = "<group>"; };
		7DB386752591CAC700E7058A /* UIColor+Similarity.swift */ = {isa = PBXFileReference; fileEncoding = 4; lastKnownFileType = sourcecode.swift; path = "UIColor+Similarity.swift"; sourceTree = "<group>"; };
		7DB386762591CAC700E7058A /* UIView+Extension.swift */ = {isa = PBXFileReference; fileEncoding = 4; lastKnownFileType = sourcecode.swift; path = "UIView+Extension.swift"; sourceTree = "<group>"; };
		7DB386772591CAC700E7058A /* UIColor+JCS_Extension.swift */ = {isa = PBXFileReference; fileEncoding = 4; lastKnownFileType = sourcecode.swift; path = "UIColor+JCS_Extension.swift"; sourceTree = "<group>"; };
		7DB386792591CAC700E7058A /* ContainerTouchTroughView.swift */ = {isa = PBXFileReference; fileEncoding = 4; lastKnownFileType = sourcecode.swift; path = ContainerTouchTroughView.swift; sourceTree = "<group>"; };
		7DB386812591CAC700E7058A /* DelayClosure.swift */ = {isa = PBXFileReference; fileEncoding = 4; lastKnownFileType = sourcecode.swift; path = DelayClosure.swift; sourceTree = "<group>"; };
		7DB386A42591CAD100E7058A /* TimerScheduler.swift */ = {isa = PBXFileReference; fileEncoding = 4; lastKnownFileType = sourcecode.swift; path = TimerScheduler.swift; sourceTree = "<group>"; };
		7DB386A52591CAD100E7058A /* ImageGradient.swift */ = {isa = PBXFileReference; fileEncoding = 4; lastKnownFileType = sourcecode.swift; path = ImageGradient.swift; sourceTree = "<group>"; };
		7DB386A62591CAD100E7058A /* ImageWithColor.swift */ = {isa = PBXFileReference; fileEncoding = 4; lastKnownFileType = sourcecode.swift; path = ImageWithColor.swift; sourceTree = "<group>"; };
		7DB386A72591CAD100E7058A /* AutoDisposable.swift */ = {isa = PBXFileReference; fileEncoding = 4; lastKnownFileType = sourcecode.swift; path = AutoDisposable.swift; sourceTree = "<group>"; };
		7DB386A82591CAD200E7058A /* TimerCountDownExt.swift */ = {isa = PBXFileReference; fileEncoding = 4; lastKnownFileType = sourcecode.swift; path = TimerCountDownExt.swift; sourceTree = "<group>"; };
		7DB386A92591CAD200E7058A /* DateExtension.swift */ = {isa = PBXFileReference; fileEncoding = 4; lastKnownFileType = sourcecode.swift; path = DateExtension.swift; sourceTree = "<group>"; };
		7DB386B22591CAF600E7058A /* UIViewControllerFromStoryboardWithArgs.swift */ = {isa = PBXFileReference; lastKnownFileType = sourcecode.swift; path = UIViewControllerFromStoryboardWithArgs.swift; sourceTree = "<group>"; };
		7DB3874E2591CE2700E7058A /* StringExtension.swift */ = {isa = PBXFileReference; lastKnownFileType = sourcecode.swift; path = StringExtension.swift; sourceTree = "<group>"; };
		7DB387E22591EC1A00E7058A /* JCRouter.swift */ = {isa = PBXFileReference; lastKnownFileType = sourcecode.swift; path = JCRouter.swift; sourceTree = "<group>"; };
		7DCBBA4F259469A3007D8AD9 /* JSON2Dict.swift */ = {isa = PBXFileReference; lastKnownFileType = sourcecode.swift; path = JSON2Dict.swift; sourceTree = "<group>"; };
		965CF7C4D3AD0BCC9B4C7E03 /* Pods-AppFoundation.debug.xcconfig */ = {isa = PBXFileReference; includeInIndex = 1; lastKnownFileType = text.xcconfig; name = "Pods-AppFoundation.debug.xcconfig"; path = "Target Support Files/Pods-AppFoundation/Pods-AppFoundation.debug.xcconfig"; sourceTree = "<group>"; };
		B72E3E47771422947E5B4C97 /* Pods-AppFoundation.release.xcconfig */ = {isa = PBXFileReference; includeInIndex = 1; lastKnownFileType = text.xcconfig; name = "Pods-AppFoundation.release.xcconfig"; path = "Target Support Files/Pods-AppFoundation/Pods-AppFoundation.release.xcconfig"; sourceTree = "<group>"; };
		D33F884A16B9FE66CFCA9C69 /* Pods_AppFoundation.framework */ = {isa = PBXFileReference; explicitFileType = wrapper.framework; includeInIndex = 0; path = Pods_AppFoundation.framework; sourceTree = BUILT_PRODUCTS_DIR; };
/* End PBXFileReference section */

/* Begin PBXFrameworksBuildPhase section */
		7D4E463C258B374900C776DD /* Frameworks */ = {
			isa = PBXFrameworksBuildPhase;
			buildActionMask = 2147483647;
			files = (
				0A4ACC5486231594A67F156C /* Pods_AppFoundation.framework in Frameworks */,
			);
			runOnlyForDeploymentPostprocessing = 0;
		};
/* End PBXFrameworksBuildPhase section */

/* Begin PBXGroup section */
		206B0593B68A7FA7F14B357F /* Pods */ = {
			isa = PBXGroup;
			children = (
				965CF7C4D3AD0BCC9B4C7E03 /* Pods-AppFoundation.debug.xcconfig */,
				B72E3E47771422947E5B4C97 /* Pods-AppFoundation.release.xcconfig */,
			);
			name = Pods;
			path = ../Pods;
			sourceTree = "<group>";
		};
		280836A425BBA69F00DD0389 /* JCSNavigation */ = {
			isa = PBXGroup;
			children = (
				280836A525BBA6B000DD0389 /* JCSNavigationViewController.swift */,
			);
			path = JCSNavigation;
			sourceTree = "<group>";
		};
		7D01021225B6DC4200A2D359 /* UICollectionView+JCSCreate */ = {
			isa = PBXGroup;
			children = (
				7D01021325B6DC5600A2D359 /* UICollectionViewCell+JCS_Create.swift */,
				7D01021B25B6DC9900A2D359 /* UICollectionReusableView+JCS_Create.swift */,
				7D01021825B6DC7D00A2D359 /* UICollectionViewFlowLayout+JCS_Create.swift */,
				7D01021E25B6DCBC00A2D359 /* UICollectionView+JCS_Create.swift */,
			);
			path = "UICollectionView+JCSCreate";
			sourceTree = "<group>";
		};
		7D4E4635258B374900C776DD = {
			isa = PBXGroup;
			children = (
				7D4E4641258B374900C776DD /* AppFoundation */,
				7D4E4640258B374900C776DD /* Products */,
				206B0593B68A7FA7F14B357F /* Pods */,
				B75B3AFED510FFE89AA665ED /* Frameworks */,
			);
			sourceTree = "<group>";
		};
		7D4E4640258B374900C776DD /* Products */ = {
			isa = PBXGroup;
			children = (
				7D4E463F258B374900C776DD /* AppFoundation.framework */,
			);
			name = Products;
			sourceTree = "<group>";
		};
		7D4E4641258B374900C776DD /* AppFoundation */ = {
			isa = PBXGroup;
			children = (
				7D4E464B258B375000C776DD /* Source */,
				7D4E4642258B374900C776DD /* AppFoundation.h */,
				7D4E4643258B374900C776DD /* Info.plist */,
				7D4E46E6258B3D4100C776DD /* Media1.xcassets */,
			);
			path = AppFoundation;
			sourceTree = "<group>";
		};
		7D4E464B258B375000C776DD /* Source */ = {
			isa = PBXGroup;
			children = (
				7DB387E12591EBFB00E7058A /* Tool */,
				7DB386562591CAC700E7058A /* Lib */,
				7D4E4729258B51B300C776DD /* Extension */,
			);
			path = Source;
			sourceTree = "<group>";
		};
		7D4E4729258B51B300C776DD /* Extension */ = {
			isa = PBXGroup;
			children = (
				7DB386B12591CAD800E7058A /* UIViewControllerFromStoryboard */,
				7DB386A72591CAD100E7058A /* AutoDisposable.swift */,
				7DB386A92591CAD200E7058A /* DateExtension.swift */,
				7DB386A52591CAD100E7058A /* ImageGradient.swift */,
				7DB386A62591CAD100E7058A /* ImageWithColor.swift */,
				7DB386A82591CAD200E7058A /* TimerCountDownExt.swift */,
				7DB386A42591CAD100E7058A /* TimerScheduler.swift */,
				7D4E472C258B51D500C776DD /* UIViewFromNib.swift */,
				7DB3874E2591CE2700E7058A /* StringExtension.swift */,
				7DCBBA4F259469A3007D8AD9 /* JSON2Dict.swift */,
			);
			path = Extension;
			sourceTree = "<group>";
		};
		7DB386562591CAC700E7058A /* Lib */ = {
			isa = PBXGroup;
			children = (
				280836A425BBA69F00DD0389 /* JCSNavigation */,
				7DB386572591CAC700E7058A /* Popover.swift */,
				7DB386582591CAC700E7058A /* IBDesignableKit */,
				7DB386682591CAC700E7058A /* JCS */,
				7DB386782591CAC700E7058A /* ContainerTouchTroughView */,
				7DB3867A2591CAC700E7058A /* MoyaEx */,
				7DB386802591CAC700E7058A /* DelayClosure */,
			);
			path = Lib;
			sourceTree = "<group>";
		};
		7DB386582591CAC700E7058A /* IBDesignableKit */ = {
			isa = PBXGroup;
			children = (
				7DB386592591CAC700E7058A /* IBColumnFlowLayout.swift */,
				7DB3865A2591CAC700E7058A /* Toucan.swift */,
				7DB3865B2591CAC700E7058A /* IBFirstResponderAction.swift */,
				7DB3865C2591CAC700E7058A /* ToucanExtension.swift */,
				7DB3865D2591CAC700E7058A /* IBCircleProgressView.swift */,
				7DB3865E2591CAC700E7058A /* IBLabel.swift */,
				7DB3865F2591CAC700E7058A /* IBColorView.swift */,
				7DB386602591CAC700E7058A /* IBGradientView.swift */,
				7DB386612591CAC700E7058A /* IBTextView.swift */,
				7DB386622591CAC700E7058A /* IBTextField.swift */,
				7DB386632591CAC700E7058A /* IBButton.swift */,
				7DB386642591CAC700E7058A /* ColorHex.swift */,
				7DB386652591CAC700E7058A /* IBImageView.swift */,
				7DB386662591CAC700E7058A /* IBProgressView.swift */,
				7DB386672591CAC700E7058A /* IBCornerRadiusMasksView.swift */,
			);
			path = IBDesignableKit;
			sourceTree = "<group>";
		};
		7DB386682591CAC700E7058A /* JCS */ = {
			isa = PBXGroup;
			children = (
				7DB386692591CAC700E7058A /* JCSOperators */,
				7DB3866B2591CAC700E7058A /* JCS_Create */,
				7DB386722591CAC700E7058A /* JCS_Base */,
				7DB386742591CAC700E7058A /* JCS_Extension */,
				7D5A4A3025B6AA0600BE2A57 /* Readme.md */,
			);
			path = JCS;
			sourceTree = "<group>";
		};
		7DB386692591CAC700E7058A /* JCSOperators */ = {
			isa = PBXGroup;
			children = (
				7DB3866A2591CAC700E7058A /* JCSOperators.swift */,
			);
			path = JCSOperators;
			sourceTree = "<group>";
		};
		7DB3866B2591CAC700E7058A /* JCS_Create */ = {
			isa = PBXGroup;
			children = (
				7D2FC46825BFC93000CD700D /* UIAlertController+JCS_Create.swift */,
				7DB386712591CAC700E7058A /* UIVIew+JCS_Create.swift */,
				7DB386702591CAC700E7058A /* UIButton+JCS_Create.swift */,
				7D5A4A4A25B6CE7000BE2A57 /* UIScrollView+JCS_Create.swift */,
				7D5A4A4E25B6D30100BE2A57 /* UITextField+JCS_Create.swift */,
				7D5A4A5125B6D57C00BE2A57 /* UITextView+JCS_Create.swift */,
				7DB3866C2591CAC700E7058A /* UILabel+JCS_Create.swift */,
				7DB3866D2591CAC700E7058A /* UIStackView+JCS_Create.swift */,
				7DB3866E2591CAC700E7058A /* UIControl+JCS_Create.swift */,
				7DB3866F2591CAC700E7058A /* UIImageVIew+JCS_Create.swift */,
				7D5A4A3325B6AF5600BE2A57 /* UITableView+JCS_Create.swift */,
				7D01021225B6DC4200A2D359 /* UICollectionView+JCSCreate */,
			);
			path = JCS_Create;
			sourceTree = "<group>";
		};
		7DB386722591CAC700E7058A /* JCS_Base */ = {
			isa = PBXGroup;
			children = (
				7DB386732591CAC700E7058A /* JCS_BaseVC.swift */,
			);
			path = JCS_Base;
			sourceTree = "<group>";
		};
		7DB386742591CAC700E7058A /* JCS_Extension */ = {
			isa = PBXGroup;
			children = (
				7DB386752591CAC700E7058A /* UIColor+Similarity.swift */,
				7DB386762591CAC700E7058A /* UIView+Extension.swift */,
				7DB386772591CAC700E7058A /* UIColor+JCS_Extension.swift */,
			);
			path = JCS_Extension;
			sourceTree = "<group>";
		};
		7DB386782591CAC700E7058A /* ContainerTouchTroughView */ = {
			isa = PBXGroup;
			children = (
				7DB386792591CAC700E7058A /* ContainerTouchTroughView.swift */,
			);
			path = ContainerTouchTroughView;
			sourceTree = "<group>";
		};
		7DB3867A2591CAC700E7058A /* MoyaEx */ = {
			isa = PBXGroup;
			children = (
			);
			path = MoyaEx;
			sourceTree = "<group>";
		};
		7DB386802591CAC700E7058A /* DelayClosure */ = {
			isa = PBXGroup;
			children = (
				7DB386812591CAC700E7058A /* DelayClosure.swift */,
			);
			path = DelayClosure;
			sourceTree = "<group>";
		};
		7DB386B12591CAD800E7058A /* UIViewControllerFromStoryboard */ = {
			isa = PBXGroup;
			children = (
				7D4E472B258B51D500C776DD /* UIViewControllerFromStoryboard.swift */,
				7DB386B22591CAF600E7058A /* UIViewControllerFromStoryboardWithArgs.swift */,
			);
			path = UIViewControllerFromStoryboard;
			sourceTree = "<group>";
		};
		7DB387E12591EBFB00E7058A /* Tool */ = {
			isa = PBXGroup;
			children = (
				7DB387E22591EC1A00E7058A /* JCRouter.swift */,
				7D01022A25B7C96F00A2D359 /* JCSRuntime.swift */,
			);
			path = Tool;
			sourceTree = "<group>";
		};
		B75B3AFED510FFE89AA665ED /* Frameworks */ = {
			isa = PBXGroup;
			children = (
				D33F884A16B9FE66CFCA9C69 /* Pods_AppFoundation.framework */,
			);
			name = Frameworks;
			sourceTree = "<group>";
		};
/* End PBXGroup section */

/* Begin PBXHeadersBuildPhase section */
		7D4E463A258B374900C776DD /* Headers */ = {
			isa = PBXHeadersBuildPhase;
			buildActionMask = 2147483647;
			files = (
				7D4E4644258B374900C776DD /* AppFoundation.h in Headers */,
			);
			runOnlyForDeploymentPostprocessing = 0;
		};
/* End PBXHeadersBuildPhase section */

/* Begin PBXNativeTarget section */
		7D4E463E258B374900C776DD /* AppFoundation */ = {
			isa = PBXNativeTarget;
			buildConfigurationList = 7D4E4647258B374900C776DD /* Build configuration list for PBXNativeTarget "AppFoundation" */;
			buildPhases = (
				A49CFC2729AD72951F3E7386 /* [CP] Check Pods Manifest.lock */,
				7D4E463A258B374900C776DD /* Headers */,
				7D4E463B258B374900C776DD /* Sources */,
				7D4E463C258B374900C776DD /* Frameworks */,
				7D4E463D258B374900C776DD /* Resources */,
			);
			buildRules = (
			);
			dependencies = (
			);
			name = AppFoundation;
			productName = AppFoundation;
			productReference = 7D4E463F258B374900C776DD /* AppFoundation.framework */;
			productType = "com.apple.product-type.framework";
		};
/* End PBXNativeTarget section */

/* Begin PBXProject section */
		7D4E4636258B374900C776DD /* Project object */ = {
			isa = PBXProject;
			attributes = {
				LastUpgradeCheck = 1200;
				TargetAttributes = {
					7D4E463E258B374900C776DD = {
						CreatedOnToolsVersion = 12.0;
						LastSwiftMigration = 1200;
					};
				};
			};
			buildConfigurationList = 7D4E4639258B374900C776DD /* Build configuration list for PBXProject "AppFoundation" */;
			compatibilityVersion = "Xcode 9.3";
			developmentRegion = en;
			hasScannedForEncodings = 0;
			knownRegions = (
				en,
				Base,
			);
			mainGroup = 7D4E4635258B374900C776DD;
			productRefGroup = 7D4E4640258B374900C776DD /* Products */;
			projectDirPath = "";
			projectRoot = "";
			targets = (
				7D4E463E258B374900C776DD /* AppFoundation */,
			);
		};
/* End PBXProject section */

/* Begin PBXResourcesBuildPhase section */
		7D4E463D258B374900C776DD /* Resources */ = {
			isa = PBXResourcesBuildPhase;
			buildActionMask = 2147483647;
			files = (
				7D5A4A3125B6AA0600BE2A57 /* Readme.md in Resources */,
				7D4E46E7258B3D4100C776DD /* Media1.xcassets in Resources */,
			);
			runOnlyForDeploymentPostprocessing = 0;
		};
/* End PBXResourcesBuildPhase section */

/* Begin PBXShellScriptBuildPhase section */
		A49CFC2729AD72951F3E7386 /* [CP] Check Pods Manifest.lock */ = {
			isa = PBXShellScriptBuildPhase;
			buildActionMask = 2147483647;
			files = (
			);
			inputFileListPaths = (
			);
			inputPaths = (
				"${PODS_PODFILE_DIR_PATH}/Podfile.lock",
				"${PODS_ROOT}/Manifest.lock",
			);
			name = "[CP] Check Pods Manifest.lock";
			outputFileListPaths = (
			);
			outputPaths = (
				"$(DERIVED_FILE_DIR)/Pods-AppFoundation-checkManifestLockResult.txt",
			);
			runOnlyForDeploymentPostprocessing = 0;
			shellPath = /bin/sh;
			shellScript = "diff \"${PODS_PODFILE_DIR_PATH}/Podfile.lock\" \"${PODS_ROOT}/Manifest.lock\" > /dev/null\nif [ $? != 0 ] ; then\n    # print error to STDERR\n    echo \"error: The sandbox is not in sync with the Podfile.lock. Run 'pod install' or update your CocoaPods installation.\" >&2\n    exit 1\nfi\n# This output is used by Xcode 'outputs' to avoid re-running this script phase.\necho \"SUCCESS\" > \"${SCRIPT_OUTPUT_FILE_0}\"\n";
			showEnvVarsInLog = 0;
		};
/* End PBXShellScriptBuildPhase section */

/* Begin PBXSourcesBuildPhase section */
		7D4E463B258B374900C776DD /* Sources */ = {
			isa = PBXSourcesBuildPhase;
			buildActionMask = 2147483647;
			files = (
				7DB386922591CAC700E7058A /* JCSOperators.swift in Sources */,
				7DB386862591CAC700E7058A /* ToucanExtension.swift in Sources */,
				7DB387E32591EC1A00E7058A /* JCRouter.swift in Sources */,
				7DB386AA2591CAD200E7058A /* TimerScheduler.swift in Sources */,
				7DB3868E2591CAC700E7058A /* ColorHex.swift in Sources */,
				7DB386852591CAC700E7058A /* IBFirstResponderAction.swift in Sources */,
				7DB386972591CAC700E7058A /* UIButton+JCS_Create.swift in Sources */,
				7DB386AC2591CAD200E7058A /* ImageWithColor.swift in Sources */,
				7DB386982591CAC700E7058A /* UIVIew+JCS_Create.swift in Sources */,
				7D5A4A5225B6D57C00BE2A57 /* UITextView+JCS_Create.swift in Sources */,
				7D01021425B6DC5600A2D359 /* UICollectionViewCell+JCS_Create.swift in Sources */,
				7DB386992591CAC700E7058A /* JCS_BaseVC.swift in Sources */,
				7DB386942591CAC700E7058A /* UIStackView+JCS_Create.swift in Sources */,
				7DB3868B2591CAC700E7058A /* IBTextView.swift in Sources */,
				7D01021925B6DC7D00A2D359 /* UICollectionViewFlowLayout+JCS_Create.swift in Sources */,
				7DB386872591CAC700E7058A /* IBCircleProgressView.swift in Sources */,
				7D5A4A4B25B6CE7000BE2A57 /* UIScrollView+JCS_Create.swift in Sources */,
				7DB3868F2591CAC700E7058A /* IBImageView.swift in Sources */,
				7DB386952591CAC700E7058A /* UIControl+JCS_Create.swift in Sources */,
				7DB3869A2591CAC700E7058A /* UIColor+Similarity.swift in Sources */,
				7DB3868D2591CAC700E7058A /* IBButton.swift in Sources */,
				7DB386AF2591CAD200E7058A /* DateExtension.swift in Sources */,
				7DB386B32591CAF600E7058A /* UIViewControllerFromStoryboardWithArgs.swift in Sources */,
				7D01021C25B6DC9900A2D359 /* UICollectionReusableView+JCS_Create.swift in Sources */,
				7DB3869C2591CAC700E7058A /* UIColor+JCS_Extension.swift in Sources */,
				7DB3874F2591CE2700E7058A /* StringExtension.swift in Sources */,
				7DB386892591CAC700E7058A /* IBColorView.swift in Sources */,
				7D4E472E258B51D500C776DD /* UIViewFromNib.swift in Sources */,
				7DCBBA50259469A3007D8AD9 /* JSON2Dict.swift in Sources */,
				7DB386822591CAC700E7058A /* Popover.swift in Sources */,
				7DB386A22591CAC700E7058A /* DelayClosure.swift in Sources */,
				7DB386962591CAC700E7058A /* UIImageVIew+JCS_Create.swift in Sources */,
				7D5A4A4F25B6D30100BE2A57 /* UITextField+JCS_Create.swift in Sources */,
				7DB386832591CAC700E7058A /* IBColumnFlowLayout.swift in Sources */,
				7DB3868C2591CAC700E7058A /* IBTextField.swift in Sources */,
				7DB386842591CAC700E7058A /* Toucan.swift in Sources */,
				7DB386882591CAC700E7058A /* IBLabel.swift in Sources */,
				7DB3869B2591CAC700E7058A /* UIView+Extension.swift in Sources */,
				7D2FC46D25BFC93000CD700D /* UIAlertController+JCS_Create.swift in Sources */,
				7DB386932591CAC700E7058A /* UILabel+JCS_Create.swift in Sources */,
				7D01022B25B7C96F00A2D359 /* JCSRuntime.swift in Sources */,
				7DB386AE2591CAD200E7058A /* TimerCountDownExt.swift in Sources */,
				7D01021F25B6DCBC00A2D359 /* UICollectionView+JCS_Create.swift in Sources */,
				7DB3869D2591CAC700E7058A /* ContainerTouchTroughView.swift in Sources */,
				7DB386AD2591CAD200E7058A /* AutoDisposable.swift in Sources */,
				7DB386AB2591CAD200E7058A /* ImageGradient.swift in Sources */,
				7DB386912591CAC700E7058A /* IBCornerRadiusMasksView.swift in Sources */,
				7D5A4A3425B6AF5600BE2A57 /* UITableView+JCS_Create.swift in Sources */,
				7DB386902591CAC700E7058A /* IBProgressView.swift in Sources */,
				7DB3868A2591CAC700E7058A /* IBGradientView.swift in Sources */,
				7D4E472D258B51D500C776DD /* UIViewControllerFromStoryboard.swift in Sources */,
				280836A625BBA6B000DD0389 /* JCSNavigationViewController.swift in Sources */,
			);
			runOnlyForDeploymentPostprocessing = 0;
		};
/* End PBXSourcesBuildPhase section */

/* Begin XCBuildConfiguration section */
		7D4E4645258B374900C776DD /* Debug */ = {
			isa = XCBuildConfiguration;
			buildSettings = {
				ALWAYS_SEARCH_USER_PATHS = NO;
				CLANG_ANALYZER_NONNULL = YES;
				CLANG_ANALYZER_NUMBER_OBJECT_CONVERSION = YES_AGGRESSIVE;
				CLANG_CXX_LANGUAGE_STANDARD = "gnu++14";
				CLANG_CXX_LIBRARY = "libc++";
				CLANG_ENABLE_MODULES = YES;
				CLANG_ENABLE_OBJC_ARC = YES;
				CLANG_ENABLE_OBJC_WEAK = YES;
				CLANG_WARN_BLOCK_CAPTURE_AUTORELEASING = YES;
				CLANG_WARN_BOOL_CONVERSION = YES;
				CLANG_WARN_COMMA = YES;
				CLANG_WARN_CONSTANT_CONVERSION = YES;
				CLANG_WARN_DEPRECATED_OBJC_IMPLEMENTATIONS = YES;
				CLANG_WARN_DIRECT_OBJC_ISA_USAGE = YES_ERROR;
				CLANG_WARN_DOCUMENTATION_COMMENTS = YES;
				CLANG_WARN_EMPTY_BODY = YES;
				CLANG_WARN_ENUM_CONVERSION = YES;
				CLANG_WARN_INFINITE_RECURSION = YES;
				CLANG_WARN_INT_CONVERSION = YES;
				CLANG_WARN_NON_LITERAL_NULL_CONVERSION = YES;
				CLANG_WARN_OBJC_IMPLICIT_RETAIN_SELF = YES;
				CLANG_WARN_OBJC_LITERAL_CONVERSION = YES;
				CLANG_WARN_OBJC_ROOT_CLASS = YES_ERROR;
				CLANG_WARN_QUOTED_INCLUDE_IN_FRAMEWORK_HEADER = YES;
				CLANG_WARN_RANGE_LOOP_ANALYSIS = YES;
				CLANG_WARN_STRICT_PROTOTYPES = YES;
				CLANG_WARN_SUSPICIOUS_MOVE = YES;
				CLANG_WARN_UNGUARDED_AVAILABILITY = YES_AGGRESSIVE;
				CLANG_WARN_UNREACHABLE_CODE = YES;
				CLANG_WARN__DUPLICATE_METHOD_MATCH = YES;
				COPY_PHASE_STRIP = NO;
				CURRENT_PROJECT_VERSION = 1;
				DEBUG_INFORMATION_FORMAT = dwarf;
				ENABLE_STRICT_OBJC_MSGSEND = YES;
				ENABLE_TESTABILITY = YES;
				GCC_C_LANGUAGE_STANDARD = gnu11;
				GCC_DYNAMIC_NO_PIC = NO;
				GCC_NO_COMMON_BLOCKS = YES;
				GCC_OPTIMIZATION_LEVEL = 0;
				GCC_PREPROCESSOR_DEFINITIONS = (
					"DEBUG=1",
					"$(inherited)",
				);
				GCC_WARN_64_TO_32_BIT_CONVERSION = YES;
				GCC_WARN_ABOUT_RETURN_TYPE = YES_ERROR;
				GCC_WARN_UNDECLARED_SELECTOR = YES;
				GCC_WARN_UNINITIALIZED_AUTOS = YES_AGGRESSIVE;
				GCC_WARN_UNUSED_FUNCTION = YES;
				GCC_WARN_UNUSED_VARIABLE = YES;
				MACOSX_DEPLOYMENT_TARGET = 10.15;
				MTL_ENABLE_DEBUG_INFO = INCLUDE_SOURCE;
				MTL_FAST_MATH = YES;
				ONLY_ACTIVE_ARCH = YES;
				SDKROOT = macosx;
				SWIFT_ACTIVE_COMPILATION_CONDITIONS = DEBUG;
				SWIFT_OPTIMIZATION_LEVEL = "-Onone";
				VERSIONING_SYSTEM = "apple-generic";
				VERSION_INFO_PREFIX = "";
			};
			name = Debug;
		};
		7D4E4646258B374900C776DD /* Release */ = {
			isa = XCBuildConfiguration;
			buildSettings = {
				ALWAYS_SEARCH_USER_PATHS = NO;
				CLANG_ANALYZER_NONNULL = YES;
				CLANG_ANALYZER_NUMBER_OBJECT_CONVERSION = YES_AGGRESSIVE;
				CLANG_CXX_LANGUAGE_STANDARD = "gnu++14";
				CLANG_CXX_LIBRARY = "libc++";
				CLANG_ENABLE_MODULES = YES;
				CLANG_ENABLE_OBJC_ARC = YES;
				CLANG_ENABLE_OBJC_WEAK = YES;
				CLANG_WARN_BLOCK_CAPTURE_AUTORELEASING = YES;
				CLANG_WARN_BOOL_CONVERSION = YES;
				CLANG_WARN_COMMA = YES;
				CLANG_WARN_CONSTANT_CONVERSION = YES;
				CLANG_WARN_DEPRECATED_OBJC_IMPLEMENTATIONS = YES;
				CLANG_WARN_DIRECT_OBJC_ISA_USAGE = YES_ERROR;
				CLANG_WARN_DOCUMENTATION_COMMENTS = YES;
				CLANG_WARN_EMPTY_BODY = YES;
				CLANG_WARN_ENUM_CONVERSION = YES;
				CLANG_WARN_INFINITE_RECURSION = YES;
				CLANG_WARN_INT_CONVERSION = YES;
				CLANG_WARN_NON_LITERAL_NULL_CONVERSION = YES;
				CLANG_WARN_OBJC_IMPLICIT_RETAIN_SELF = YES;
				CLANG_WARN_OBJC_LITERAL_CONVERSION = YES;
				CLANG_WARN_OBJC_ROOT_CLASS = YES_ERROR;
				CLANG_WARN_QUOTED_INCLUDE_IN_FRAMEWORK_HEADER = YES;
				CLANG_WARN_RANGE_LOOP_ANALYSIS = YES;
				CLANG_WARN_STRICT_PROTOTYPES = YES;
				CLANG_WARN_SUSPICIOUS_MOVE = YES;
				CLANG_WARN_UNGUARDED_AVAILABILITY = YES_AGGRESSIVE;
				CLANG_WARN_UNREACHABLE_CODE = YES;
				CLANG_WARN__DUPLICATE_METHOD_MATCH = YES;
				COPY_PHASE_STRIP = NO;
				CURRENT_PROJECT_VERSION = 1;
				DEBUG_INFORMATION_FORMAT = "dwarf-with-dsym";
				ENABLE_NS_ASSERTIONS = NO;
				ENABLE_STRICT_OBJC_MSGSEND = YES;
				GCC_C_LANGUAGE_STANDARD = gnu11;
				GCC_NO_COMMON_BLOCKS = YES;
				GCC_WARN_64_TO_32_BIT_CONVERSION = YES;
				GCC_WARN_ABOUT_RETURN_TYPE = YES_ERROR;
				GCC_WARN_UNDECLARED_SELECTOR = YES;
				GCC_WARN_UNINITIALIZED_AUTOS = YES_AGGRESSIVE;
				GCC_WARN_UNUSED_FUNCTION = YES;
				GCC_WARN_UNUSED_VARIABLE = YES;
				MACOSX_DEPLOYMENT_TARGET = 10.15;
				MTL_ENABLE_DEBUG_INFO = NO;
				MTL_FAST_MATH = YES;
				SDKROOT = macosx;
				SWIFT_COMPILATION_MODE = wholemodule;
				SWIFT_OPTIMIZATION_LEVEL = "-O";
				VERSIONING_SYSTEM = "apple-generic";
				VERSION_INFO_PREFIX = "";
			};
			name = Release;
		};
		7D4E4648258B374900C776DD /* Debug */ = {
			isa = XCBuildConfiguration;
			baseConfigurationReference = 965CF7C4D3AD0BCC9B4C7E03 /* Pods-AppFoundation.debug.xcconfig */;
			buildSettings = {
				CLANG_ENABLE_MODULES = YES;
				CODE_SIGN_STYLE = Automatic;
				COMBINE_HIDPI_IMAGES = YES;
				DEFINES_MODULE = YES;
				DYLIB_COMPATIBILITY_VERSION = 1;
				DYLIB_CURRENT_VERSION = 1;
				DYLIB_INSTALL_NAME_BASE = "@rpath";
				INFOPLIST_FILE = AppFoundation/Info.plist;
				INSTALL_PATH = "$(LOCAL_LIBRARY_DIR)/Frameworks";
				IPHONEOS_DEPLOYMENT_TARGET = 10.0;
				LD_RUNPATH_SEARCH_PATHS = (
					"$(inherited)",
					"@executable_path/../Frameworks",
					"@loader_path/Frameworks",
				);
				PRODUCT_BUNDLE_IDENTIFIER = com.uvdog.AppFoundation;
				PRODUCT_NAME = "$(TARGET_NAME:c99extidentifier)";
				SDKROOT = iphoneos;
				SKIP_INSTALL = YES;
				SWIFT_OPTIMIZATION_LEVEL = "-Onone";
				SWIFT_VERSION = 5.0;
			};
			name = Debug;
		};
		7D4E4649258B374900C776DD /* Release */ = {
			isa = XCBuildConfiguration;
			baseConfigurationReference = B72E3E47771422947E5B4C97 /* Pods-AppFoundation.release.xcconfig */;
			buildSettings = {
				CLANG_ENABLE_MODULES = YES;
				CODE_SIGN_STYLE = Automatic;
				COMBINE_HIDPI_IMAGES = YES;
				DEFINES_MODULE = YES;
				DYLIB_COMPATIBILITY_VERSION = 1;
				DYLIB_CURRENT_VERSION = 1;
				DYLIB_INSTALL_NAME_BASE = "@rpath";
				INFOPLIST_FILE = AppFoundation/Info.plist;
				INSTALL_PATH = "$(LOCAL_LIBRARY_DIR)/Frameworks";
				IPHONEOS_DEPLOYMENT_TARGET = 10.0;
				LD_RUNPATH_SEARCH_PATHS = (
					"$(inherited)",
					"@executable_path/../Frameworks",
					"@loader_path/Frameworks",
				);
				PRODUCT_BUNDLE_IDENTIFIER = com.uvdog.AppFoundation;
				PRODUCT_NAME = "$(TARGET_NAME:c99extidentifier)";
				SDKROOT = iphoneos;
				SKIP_INSTALL = YES;
				SWIFT_VERSION = 5.0;
			};
			name = Release;
		};
/* End XCBuildConfiguration section */

/* Begin XCConfigurationList section */
		7D4E4639258B374900C776DD /* Build configuration list for PBXProject "AppFoundation" */ = {
			isa = XCConfigurationList;
			buildConfigurations = (
				7D4E4645258B374900C776DD /* Debug */,
				7D4E4646258B374900C776DD /* Release */,
			);
			defaultConfigurationIsVisible = 0;
			defaultConfigurationName = Release;
		};
		7D4E4647258B374900C776DD /* Build configuration list for PBXNativeTarget "AppFoundation" */ = {
			isa = XCConfigurationList;
			buildConfigurations = (
				7D4E4648258B374900C776DD /* Debug */,
				7D4E4649258B374900C776DD /* Release */,
			);
			defaultConfigurationIsVisible = 0;
			defaultConfigurationName = Release;
		};
/* End XCConfigurationList section */
	};
	rootObject = 7D4E4636258B374900C776DD /* Project object */;
}
